// !$*UTF8*$!
{
	archiveVersion = 1;
	classes = {
	};
	objectVersion = 46;
	objects = {

/* Begin PBXBuildFile section */
		366A96D515A4F76C00DA523A /* FractalStreamCompiler.cp in Sources */ = {isa = PBXBuildFile; fileRef = 366A96D415A4F76C00DA523A /* FractalStreamCompiler.cp */; };
/* End PBXBuildFile section */

/* Begin PBXContainerItemProxy section */
		366A97BA15A4F86000DA523A /* PBXContainerItemProxy */ = {
			isa = PBXContainerItemProxy;
			containerPortal = 366A96E015A4F85600DA523A /* LLVM.xcodeproj */;
			proxyType = 2;
			remoteGlobalIDString = BE72E965FFED4F1DA9E1532C;
			remoteInfo = LLVMSupport;
		};
		366A97BC15A4F86000DA523A /* PBXContainerItemProxy */ = {
			isa = PBXContainerItemProxy;
			containerPortal = 366A96E015A4F85600DA523A /* LLVM.xcodeproj */;
			proxyType = 2;
			remoteGlobalIDString = D90841D323A3490A95AD7112;
			remoteInfo = LLVMTableGen;
		};
		366A97BE15A4F86000DA523A /* PBXContainerItemProxy */ = {
			isa = PBXContainerItemProxy;
			containerPortal = 366A96E015A4F85600DA523A /* LLVM.xcodeproj */;
			proxyType = 2;
			remoteGlobalIDString = 11DD81B900234020ADB3FF15;
			remoteInfo = "llvm-tblgen";
		};
		366A97C015A4F86000DA523A /* PBXContainerItemProxy */ = {
			isa = PBXContainerItemProxy;
			containerPortal = 366A96E015A4F85600DA523A /* LLVM.xcodeproj */;
			proxyType = 2;
			remoteGlobalIDString = D29425D90DD64277B49C924B;
			remoteInfo = llvm_headers_do_not_build;
		};
		366A97C215A4F86000DA523A /* PBXContainerItemProxy */ = {
			isa = PBXContainerItemProxy;
			containerPortal = 366A96E015A4F85600DA523A /* LLVM.xcodeproj */;
			proxyType = 2;
			remoteGlobalIDString = E4C0A1C3461342BBB1B96325;
			remoteInfo = LLVMCore;
		};
		366A97C415A4F86000DA523A /* PBXContainerItemProxy */ = {
			isa = PBXContainerItemProxy;
			containerPortal = 366A96E015A4F85600DA523A /* LLVM.xcodeproj */;
			proxyType = 2;
			remoteGlobalIDString = 216E6A6EF89D4496AB0E44C4;
			remoteInfo = LLVMCodeGen;
		};
		366A97C615A4F86000DA523A /* PBXContainerItemProxy */ = {
			isa = PBXContainerItemProxy;
			containerPortal = 366A96E015A4F85600DA523A /* LLVM.xcodeproj */;
			proxyType = 2;
			remoteGlobalIDString = 788CE7CCA5D644048F8856E9;
			remoteInfo = LLVMSelectionDAG;
		};
		366A97C815A4F86000DA523A /* PBXContainerItemProxy */ = {
			isa = PBXContainerItemProxy;
			containerPortal = 366A96E015A4F85600DA523A /* LLVM.xcodeproj */;
			proxyType = 2;
			remoteGlobalIDString = 92697F7EB091450092FCE232;
			remoteInfo = LLVMAsmPrinter;
		};
		366A97CA15A4F86000DA523A /* PBXContainerItemProxy */ = {
			isa = PBXContainerItemProxy;
			containerPortal = 366A96E015A4F85600DA523A /* LLVM.xcodeproj */;
			proxyType = 2;
			remoteGlobalIDString = 7279174D018041429F78E597;
			remoteInfo = LLVMBitReader;
		};
		366A97CC15A4F86000DA523A /* PBXContainerItemProxy */ = {
			isa = PBXContainerItemProxy;
			containerPortal = 366A96E015A4F85600DA523A /* LLVM.xcodeproj */;
			proxyType = 2;
			remoteGlobalIDString = 51F40E240EA54119BF5FC1CA;
			remoteInfo = LLVMBitWriter;
		};
		366A97CE15A4F86000DA523A /* PBXContainerItemProxy */ = {
			isa = PBXContainerItemProxy;
			containerPortal = 366A96E015A4F85600DA523A /* LLVM.xcodeproj */;
			proxyType = 2;
			remoteGlobalIDString = 6EF8CC7310434883B3524204;
			remoteInfo = LLVMTransformUtils;
		};
		366A97D015A4F86000DA523A /* PBXContainerItemProxy */ = {
			isa = PBXContainerItemProxy;
			containerPortal = 366A96E015A4F85600DA523A /* LLVM.xcodeproj */;
			proxyType = 2;
			remoteGlobalIDString = 35D6DF2C3EBA4A98B16A8325;
			remoteInfo = LLVMInstrumentation;
		};
		366A97D215A4F86000DA523A /* PBXContainerItemProxy */ = {
			isa = PBXContainerItemProxy;
			containerPortal = 366A96E015A4F85600DA523A /* LLVM.xcodeproj */;
			proxyType = 2;
			remoteGlobalIDString = 1850DD6082F74622A7FB4B9B;
			remoteInfo = LLVMInstCombine;
		};
		366A97D415A4F86000DA523A /* PBXContainerItemProxy */ = {
			isa = PBXContainerItemProxy;
			containerPortal = 366A96E015A4F85600DA523A /* LLVM.xcodeproj */;
			proxyType = 2;
			remoteGlobalIDString = 52394BC6822A4012B96DEA06;
			remoteInfo = LLVMScalarOpts;
		};
		366A97D615A4F86000DA523A /* PBXContainerItemProxy */ = {
			isa = PBXContainerItemProxy;
			containerPortal = 366A96E015A4F85600DA523A /* LLVM.xcodeproj */;
			proxyType = 2;
			remoteGlobalIDString = 775C20347786416586E0F57D;
			remoteInfo = LLVMipo;
		};
		366A97D815A4F86000DA523A /* PBXContainerItemProxy */ = {
			isa = PBXContainerItemProxy;
			containerPortal = 366A96E015A4F85600DA523A /* LLVM.xcodeproj */;
			proxyType = 2;
			remoteGlobalIDString = 697AB5AD8B8B4499BEA5A6F5;
			remoteInfo = LLVMVectorize;
		};
		366A97DA15A4F86000DA523A /* PBXContainerItemProxy */ = {
			isa = PBXContainerItemProxy;
			containerPortal = 366A96E015A4F85600DA523A /* LLVM.xcodeproj */;
			proxyType = 2;
			remoteGlobalIDString = C9FFC40698894B2EAFDD58C2;
			remoteInfo = LLVMHello;
		};
		366A97DC15A4F86000DA523A /* PBXContainerItemProxy */ = {
			isa = PBXContainerItemProxy;
			containerPortal = 366A96E015A4F85600DA523A /* LLVM.xcodeproj */;
			proxyType = 2;
			remoteGlobalIDString = 49DCA47B0AD54E59A06FE6E0;
			remoteInfo = LLVMLinker;
		};
		366A97DE15A4F86000DA523A /* PBXContainerItemProxy */ = {
			isa = PBXContainerItemProxy;
			containerPortal = 366A96E015A4F85600DA523A /* LLVM.xcodeproj */;
			proxyType = 2;
			remoteGlobalIDString = E6352C399A894FACA7327805;
			remoteInfo = LLVMAnalysis;
		};
		366A97E015A4F86000DA523A /* PBXContainerItemProxy */ = {
			isa = PBXContainerItemProxy;
			containerPortal = 366A96E015A4F85600DA523A /* LLVM.xcodeproj */;
			proxyType = 2;
			remoteGlobalIDString = 37A67D6BCBEF4C3083A28C51;
			remoteInfo = LLVMipa;
		};
		366A97E215A4F86000DA523A /* PBXContainerItemProxy */ = {
			isa = PBXContainerItemProxy;
			containerPortal = 366A96E015A4F85600DA523A /* LLVM.xcodeproj */;
			proxyType = 2;
			remoteGlobalIDString = D457C2C4F46D47D89426505B;
			remoteInfo = LLVMMC;
		};
		366A97E415A4F86000DA523A /* PBXContainerItemProxy */ = {
			isa = PBXContainerItemProxy;
			containerPortal = 366A96E015A4F85600DA523A /* LLVM.xcodeproj */;
			proxyType = 2;
			remoteGlobalIDString = 8419E4D2BA8E4E65BEA86477;
			remoteInfo = LLVMMCParser;
		};
		366A97E615A4F86000DA523A /* PBXContainerItemProxy */ = {
			isa = PBXContainerItemProxy;
			containerPortal = 366A96E015A4F85600DA523A /* LLVM.xcodeproj */;
			proxyType = 2;
			remoteGlobalIDString = A9C84D4A06B240FDB044AD29;
			remoteInfo = LLVMMCDisassembler;
		};
		366A97E815A4F86000DA523A /* PBXContainerItemProxy */ = {
			isa = PBXContainerItemProxy;
			containerPortal = 366A96E015A4F85600DA523A /* LLVM.xcodeproj */;
			proxyType = 2;
			remoteGlobalIDString = 6FAD446202A34842BE554A7C;
			remoteInfo = LLVMObject;
		};
		366A97EA15A4F86000DA523A /* PBXContainerItemProxy */ = {
			isa = PBXContainerItemProxy;
			containerPortal = 366A96E015A4F85600DA523A /* LLVM.xcodeproj */;
			proxyType = 2;
			remoteGlobalIDString = 9E68B13B2C1B4BB3A9E8C04B;
			remoteInfo = LLVMDebugInfo;
		};
		366A97EC15A4F86000DA523A /* PBXContainerItemProxy */ = {
			isa = PBXContainerItemProxy;
			containerPortal = 366A96E015A4F85600DA523A /* LLVM.xcodeproj */;
			proxyType = 2;
			remoteGlobalIDString = AA8AC5BE410A4FD88E8DFF50;
			remoteInfo = LLVMExecutionEngine;
		};
		366A97EE15A4F86000DA523A /* PBXContainerItemProxy */ = {
			isa = PBXContainerItemProxy;
			containerPortal = 366A96E015A4F85600DA523A /* LLVM.xcodeproj */;
			proxyType = 2;
			remoteGlobalIDString = 92FCE1D70B3B4EC2898D62D3;
			remoteInfo = LLVMInterpreter;
		};
		366A97F015A4F86000DA523A /* PBXContainerItemProxy */ = {
			isa = PBXContainerItemProxy;
			containerPortal = 366A96E015A4F85600DA523A /* LLVM.xcodeproj */;
			proxyType = 2;
			remoteGlobalIDString = 16D066E1FB274D82A9742E96;
			remoteInfo = LLVMJIT;
		};
		366A97F215A4F86000DA523A /* PBXContainerItemProxy */ = {
			isa = PBXContainerItemProxy;
			containerPortal = 366A96E015A4F85600DA523A /* LLVM.xcodeproj */;
			proxyType = 2;
			remoteGlobalIDString = 8FF1617E76B24B8F9FD07FF5;
			remoteInfo = LLVMMCJIT;
		};
		366A97F415A4F86000DA523A /* PBXContainerItemProxy */ = {
			isa = PBXContainerItemProxy;
			containerPortal = 366A96E015A4F85600DA523A /* LLVM.xcodeproj */;
			proxyType = 2;
			remoteGlobalIDString = FE7279BA12784624AD2850D2;
			remoteInfo = LLVMRuntimeDyld;
		};
		366A97F615A4F86000DA523A /* PBXContainerItemProxy */ = {
			isa = PBXContainerItemProxy;
			containerPortal = 366A96E015A4F85600DA523A /* LLVM.xcodeproj */;
			proxyType = 2;
			remoteGlobalIDString = 9BFD346CDB7642728B378D2E;
			remoteInfo = LLVMTarget;
		};
		366A97F815A4F86000DA523A /* PBXContainerItemProxy */ = {
			isa = PBXContainerItemProxy;
			containerPortal = 366A96E015A4F85600DA523A /* LLVM.xcodeproj */;
			proxyType = 2;
			remoteGlobalIDString = 4518BF8E01F64696AFEFA4F4;
			remoteInfo = LLVMARMCodeGen;
		};
		366A97FA15A4F86000DA523A /* PBXContainerItemProxy */ = {
			isa = PBXContainerItemProxy;
			containerPortal = 366A96E015A4F85600DA523A /* LLVM.xcodeproj */;
			proxyType = 2;
			remoteGlobalIDString = E5CEA5410BDE4681AC7DEEF2;
			remoteInfo = LLVMARMInfo;
		};
		366A97FC15A4F86000DA523A /* PBXContainerItemProxy */ = {
			isa = PBXContainerItemProxy;
			containerPortal = 366A96E015A4F85600DA523A /* LLVM.xcodeproj */;
			proxyType = 2;
			remoteGlobalIDString = FB59B25BEB5F4E39BEE92480;
			remoteInfo = LLVMARMAsmParser;
		};
		366A97FE15A4F86000DA523A /* PBXContainerItemProxy */ = {
			isa = PBXContainerItemProxy;
			containerPortal = 366A96E015A4F85600DA523A /* LLVM.xcodeproj */;
			proxyType = 2;
			remoteGlobalIDString = 52BDE22513DA42C3A2531314;
			remoteInfo = LLVMARMDisassembler;
		};
		366A980015A4F86000DA523A /* PBXContainerItemProxy */ = {
			isa = PBXContainerItemProxy;
			containerPortal = 366A96E015A4F85600DA523A /* LLVM.xcodeproj */;
			proxyType = 2;
			remoteGlobalIDString = 4BD747DA65C14D29AD4A2EE0;
			remoteInfo = LLVMARMAsmPrinter;
		};
		366A980215A4F86000DA523A /* PBXContainerItemProxy */ = {
			isa = PBXContainerItemProxy;
			containerPortal = 366A96E015A4F85600DA523A /* LLVM.xcodeproj */;
			proxyType = 2;
			remoteGlobalIDString = 88B24A1427C34455A35BD006;
			remoteInfo = LLVMARMDesc;
		};
		366A980415A4F86000DA523A /* PBXContainerItemProxy */ = {
			isa = PBXContainerItemProxy;
			containerPortal = 366A96E015A4F85600DA523A /* LLVM.xcodeproj */;
			proxyType = 2;
			remoteGlobalIDString = BEB09C6D1DEB480FB87CB2E0;
			remoteInfo = LLVMCellSPUCodeGen;
		};
		366A980615A4F86000DA523A /* PBXContainerItemProxy */ = {
			isa = PBXContainerItemProxy;
			containerPortal = 366A96E015A4F85600DA523A /* LLVM.xcodeproj */;
			proxyType = 2;
			remoteGlobalIDString = 9B24F9E8BB9C471D8A44E1AE;
			remoteInfo = LLVMCellSPUInfo;
		};
		366A980815A4F86000DA523A /* PBXContainerItemProxy */ = {
			isa = PBXContainerItemProxy;
			containerPortal = 366A96E015A4F85600DA523A /* LLVM.xcodeproj */;
			proxyType = 2;
			remoteGlobalIDString = 172C2719A4C74E7AB66CE700;
			remoteInfo = LLVMCellSPUDesc;
		};
		366A980A15A4F86000DA523A /* PBXContainerItemProxy */ = {
			isa = PBXContainerItemProxy;
			containerPortal = 366A96E015A4F85600DA523A /* LLVM.xcodeproj */;
			proxyType = 2;
			remoteGlobalIDString = 84924E14273F4ED597E0CE1D;
			remoteInfo = LLVMCppBackendCodeGen;
		};
		366A980C15A4F86000DA523A /* PBXContainerItemProxy */ = {
			isa = PBXContainerItemProxy;
			containerPortal = 366A96E015A4F85600DA523A /* LLVM.xcodeproj */;
			proxyType = 2;
			remoteGlobalIDString = 41AE022219004CCB85469B59;
			remoteInfo = LLVMCppBackendInfo;
		};
		366A980E15A4F86000DA523A /* PBXContainerItemProxy */ = {
			isa = PBXContainerItemProxy;
			containerPortal = 366A96E015A4F85600DA523A /* LLVM.xcodeproj */;
			proxyType = 2;
			remoteGlobalIDString = 8F92C946755043D5BF49FF40;
			remoteInfo = LLVMHexagonCodeGen;
		};
		366A981015A4F86000DA523A /* PBXContainerItemProxy */ = {
			isa = PBXContainerItemProxy;
			containerPortal = 366A96E015A4F85600DA523A /* LLVM.xcodeproj */;
			proxyType = 2;
			remoteGlobalIDString = F4FC8903D2CF43D2A34D4F27;
			remoteInfo = LLVMHexagonInfo;
		};
		366A981215A4F86000DA523A /* PBXContainerItemProxy */ = {
			isa = PBXContainerItemProxy;
			containerPortal = 366A96E015A4F85600DA523A /* LLVM.xcodeproj */;
			proxyType = 2;
			remoteGlobalIDString = 5D982EF13A5245F3906401EE;
			remoteInfo = LLVMHexagonAsmPrinter;
		};
		366A981415A4F86000DA523A /* PBXContainerItemProxy */ = {
			isa = PBXContainerItemProxy;
			containerPortal = 366A96E015A4F85600DA523A /* LLVM.xcodeproj */;
			proxyType = 2;
			remoteGlobalIDString = 64773C293ABF4E49BF23CFD4;
			remoteInfo = LLVMHexagonDesc;
		};
		366A981615A4F86000DA523A /* PBXContainerItemProxy */ = {
			isa = PBXContainerItemProxy;
			containerPortal = 366A96E015A4F85600DA523A /* LLVM.xcodeproj */;
			proxyType = 2;
			remoteGlobalIDString = 5B27E3CBC37F4EF4A408D615;
			remoteInfo = LLVMMipsCodeGen;
		};
		366A981815A4F86000DA523A /* PBXContainerItemProxy */ = {
			isa = PBXContainerItemProxy;
			containerPortal = 366A96E015A4F85600DA523A /* LLVM.xcodeproj */;
			proxyType = 2;
			remoteGlobalIDString = 4B397F8A5CCD4EC794ACEEA4;
			remoteInfo = LLVMMipsAsmPrinter;
		};
		366A981A15A4F86000DA523A /* PBXContainerItemProxy */ = {
			isa = PBXContainerItemProxy;
			containerPortal = 366A96E015A4F85600DA523A /* LLVM.xcodeproj */;
			proxyType = 2;
			remoteGlobalIDString = D6D50BB5F43841DEB5668E49;
			remoteInfo = LLVMMipsDisassembler;
		};
		366A981C15A4F86000DA523A /* PBXContainerItemProxy */ = {
			isa = PBXContainerItemProxy;
			containerPortal = 366A96E015A4F85600DA523A /* LLVM.xcodeproj */;
			proxyType = 2;
			remoteGlobalIDString = E1667B15182B4417A32AD241;
			remoteInfo = LLVMMipsInfo;
		};
		366A981E15A4F86000DA523A /* PBXContainerItemProxy */ = {
			isa = PBXContainerItemProxy;
			containerPortal = 366A96E015A4F85600DA523A /* LLVM.xcodeproj */;
			proxyType = 2;
			remoteGlobalIDString = AF8CC7369E8D45EFBE77C906;
			remoteInfo = LLVMMipsDesc;
		};
		366A982015A4F86000DA523A /* PBXContainerItemProxy */ = {
			isa = PBXContainerItemProxy;
			containerPortal = 366A96E015A4F85600DA523A /* LLVM.xcodeproj */;
			proxyType = 2;
			remoteGlobalIDString = 17B5D64AB3BC4B8590B8052B;
			remoteInfo = LLVMMipsAsmParser;
		};
		366A982215A4F86000DA523A /* PBXContainerItemProxy */ = {
			isa = PBXContainerItemProxy;
			containerPortal = 366A96E015A4F85600DA523A /* LLVM.xcodeproj */;
			proxyType = 2;
			remoteGlobalIDString = D84FA39A6E5F447B918412D6;
			remoteInfo = LLVMMBlazeCodeGen;
		};
		366A982415A4F86000DA523A /* PBXContainerItemProxy */ = {
			isa = PBXContainerItemProxy;
			containerPortal = 366A96E015A4F85600DA523A /* LLVM.xcodeproj */;
			proxyType = 2;
			remoteGlobalIDString = 671057E4275F4A5F82FE58D1;
			remoteInfo = LLVMMBlazeAsmParser;
		};
		366A982615A4F86000DA523A /* PBXContainerItemProxy */ = {
			isa = PBXContainerItemProxy;
			containerPortal = 366A96E015A4F85600DA523A /* LLVM.xcodeproj */;
			proxyType = 2;
			remoteGlobalIDString = 8B157E9622974D8BA3C86CBF;
			remoteInfo = LLVMMBlazeDisassembler;
		};
		366A982815A4F86000DA523A /* PBXContainerItemProxy */ = {
			isa = PBXContainerItemProxy;
			containerPortal = 366A96E015A4F85600DA523A /* LLVM.xcodeproj */;
			proxyType = 2;
			remoteGlobalIDString = C29A6997D8E64F67ADC0F33A;
			remoteInfo = LLVMMBlazeAsmPrinter;
		};
		366A982A15A4F86000DA523A /* PBXContainerItemProxy */ = {
			isa = PBXContainerItemProxy;
			containerPortal = 366A96E015A4F85600DA523A /* LLVM.xcodeproj */;
			proxyType = 2;
			remoteGlobalIDString = 5F207CAF8277479AB06091B7;
			remoteInfo = LLVMMBlazeInfo;
		};
		366A982C15A4F86000DA523A /* PBXContainerItemProxy */ = {
			isa = PBXContainerItemProxy;
			containerPortal = 366A96E015A4F85600DA523A /* LLVM.xcodeproj */;
			proxyType = 2;
			remoteGlobalIDString = 5E168E722AC24EFB8F8FA30F;
			remoteInfo = LLVMMBlazeDesc;
		};
		366A982E15A4F86000DA523A /* PBXContainerItemProxy */ = {
			isa = PBXContainerItemProxy;
			containerPortal = 366A96E015A4F85600DA523A /* LLVM.xcodeproj */;
			proxyType = 2;
			remoteGlobalIDString = 4C286B8FA4EF4820A3BA87A1;
			remoteInfo = LLVMMSP430CodeGen;
		};
		366A983015A4F86000DA523A /* PBXContainerItemProxy */ = {
			isa = PBXContainerItemProxy;
			containerPortal = 366A96E015A4F85600DA523A /* LLVM.xcodeproj */;
			proxyType = 2;
			remoteGlobalIDString = FACFE1149D7949BE9EF42014;
			remoteInfo = LLVMMSP430AsmPrinter;
		};
		366A983215A4F86000DA523A /* PBXContainerItemProxy */ = {
			isa = PBXContainerItemProxy;
			containerPortal = 366A96E015A4F85600DA523A /* LLVM.xcodeproj */;
			proxyType = 2;
			remoteGlobalIDString = AFD978397B854971B743E8CB;
			remoteInfo = LLVMMSP430Info;
		};
		366A983415A4F86000DA523A /* PBXContainerItemProxy */ = {
			isa = PBXContainerItemProxy;
			containerPortal = 366A96E015A4F85600DA523A /* LLVM.xcodeproj */;
			proxyType = 2;
			remoteGlobalIDString = D6E0568523654B6982C81A6C;
			remoteInfo = LLVMMSP430Desc;
		};
		366A983615A4F86000DA523A /* PBXContainerItemProxy */ = {
			isa = PBXContainerItemProxy;
			containerPortal = 366A96E015A4F85600DA523A /* LLVM.xcodeproj */;
			proxyType = 2;
			remoteGlobalIDString = 48D50AFF2D1B48C8B3A7E635;
			remoteInfo = LLVMPowerPCCodeGen;
		};
		366A983815A4F86000DA523A /* PBXContainerItemProxy */ = {
			isa = PBXContainerItemProxy;
			containerPortal = 366A96E015A4F85600DA523A /* LLVM.xcodeproj */;
			proxyType = 2;
			remoteGlobalIDString = 597EAB9F26284786805CFA3E;
			remoteInfo = LLVMPowerPCAsmPrinter;
		};
		366A983A15A4F86000DA523A /* PBXContainerItemProxy */ = {
			isa = PBXContainerItemProxy;
			containerPortal = 366A96E015A4F85600DA523A /* LLVM.xcodeproj */;
			proxyType = 2;
			remoteGlobalIDString = 1551893476D9460B9410BC07;
			remoteInfo = LLVMPowerPCInfo;
		};
		366A983C15A4F86000DA523A /* PBXContainerItemProxy */ = {
			isa = PBXContainerItemProxy;
			containerPortal = 366A96E015A4F85600DA523A /* LLVM.xcodeproj */;
			proxyType = 2;
			remoteGlobalIDString = 00AAAD346FC346638D436643;
			remoteInfo = LLVMPowerPCDesc;
		};
		366A983E15A4F86000DA523A /* PBXContainerItemProxy */ = {
			isa = PBXContainerItemProxy;
			containerPortal = 366A96E015A4F85600DA523A /* LLVM.xcodeproj */;
			proxyType = 2;
			remoteGlobalIDString = 29ED133D77D64C62A1B9A993;
			remoteInfo = LLVMPTXCodeGen;
		};
		366A984015A4F86000DA523A /* PBXContainerItemProxy */ = {
			isa = PBXContainerItemProxy;
			containerPortal = 366A96E015A4F85600DA523A /* LLVM.xcodeproj */;
			proxyType = 2;
			remoteGlobalIDString = 31EA8FC764494DF2BC660787;
			remoteInfo = LLVMPTXInfo;
		};
		366A984215A4F86000DA523A /* PBXContainerItemProxy */ = {
			isa = PBXContainerItemProxy;
			containerPortal = 366A96E015A4F85600DA523A /* LLVM.xcodeproj */;
			proxyType = 2;
			remoteGlobalIDString = 5CA3A5DBC0AD45539472042A;
			remoteInfo = LLVMPTXAsmPrinter;
		};
		366A984415A4F86000DA523A /* PBXContainerItemProxy */ = {
			isa = PBXContainerItemProxy;
			containerPortal = 366A96E015A4F85600DA523A /* LLVM.xcodeproj */;
			proxyType = 2;
			remoteGlobalIDString = 7C2DBA75B65C4320BBA22A67;
			remoteInfo = LLVMPTXDesc;
		};
		366A984615A4F86000DA523A /* PBXContainerItemProxy */ = {
			isa = PBXContainerItemProxy;
			containerPortal = 366A96E015A4F85600DA523A /* LLVM.xcodeproj */;
			proxyType = 2;
			remoteGlobalIDString = EE57422550A6414892CB6A23;
			remoteInfo = LLVMSparcCodeGen;
		};
		366A984815A4F86000DA523A /* PBXContainerItemProxy */ = {
			isa = PBXContainerItemProxy;
			containerPortal = 366A96E015A4F85600DA523A /* LLVM.xcodeproj */;
			proxyType = 2;
			remoteGlobalIDString = 518FE91F6AF34A0287A23F2E;
			remoteInfo = LLVMSparcInfo;
		};
		366A984A15A4F86000DA523A /* PBXContainerItemProxy */ = {
			isa = PBXContainerItemProxy;
			containerPortal = 366A96E015A4F85600DA523A /* LLVM.xcodeproj */;
			proxyType = 2;
			remoteGlobalIDString = 609A191F67BD43A78A00BB1F;
			remoteInfo = LLVMSparcDesc;
		};
		366A984C15A4F86000DA523A /* PBXContainerItemProxy */ = {
			isa = PBXContainerItemProxy;
			containerPortal = 366A96E015A4F85600DA523A /* LLVM.xcodeproj */;
			proxyType = 2;
			remoteGlobalIDString = 50EBF0C7BC5347878C402C2F;
			remoteInfo = LLVMX86CodeGen;
		};
		366A984E15A4F86000DA523A /* PBXContainerItemProxy */ = {
			isa = PBXContainerItemProxy;
			containerPortal = 366A96E015A4F85600DA523A /* LLVM.xcodeproj */;
			proxyType = 2;
			remoteGlobalIDString = F7561B8ACA014B70A9137C4F;
			remoteInfo = LLVMX86AsmParser;
		};
		366A985015A4F86000DA523A /* PBXContainerItemProxy */ = {
			isa = PBXContainerItemProxy;
			containerPortal = 366A96E015A4F85600DA523A /* LLVM.xcodeproj */;
			proxyType = 2;
			remoteGlobalIDString = C7AEFB46B99842C9A102E259;
			remoteInfo = LLVMX86Disassembler;
		};
		366A985215A4F86000DA523A /* PBXContainerItemProxy */ = {
			isa = PBXContainerItemProxy;
			containerPortal = 366A96E015A4F85600DA523A /* LLVM.xcodeproj */;
			proxyType = 2;
			remoteGlobalIDString = CF95D684371148DAAFC6511D;
			remoteInfo = LLVMX86AsmPrinter;
		};
		366A985415A4F86000DA523A /* PBXContainerItemProxy */ = {
			isa = PBXContainerItemProxy;
			containerPortal = 366A96E015A4F85600DA523A /* LLVM.xcodeproj */;
			proxyType = 2;
			remoteGlobalIDString = 5236A6F9F370401EB1ECA9D6;
			remoteInfo = LLVMX86Desc;
		};
		366A985615A4F86000DA523A /* PBXContainerItemProxy */ = {
			isa = PBXContainerItemProxy;
			containerPortal = 366A96E015A4F85600DA523A /* LLVM.xcodeproj */;
			proxyType = 2;
			remoteGlobalIDString = D59D91F442D04CB6A5CD1E76;
			remoteInfo = LLVMX86Info;
		};
		366A985815A4F86000DA523A /* PBXContainerItemProxy */ = {
			isa = PBXContainerItemProxy;
			containerPortal = 366A96E015A4F85600DA523A /* LLVM.xcodeproj */;
			proxyType = 2;
			remoteGlobalIDString = BCF725136B31462797D6BA2D;
			remoteInfo = LLVMX86Utils;
		};
		366A985A15A4F86000DA523A /* PBXContainerItemProxy */ = {
			isa = PBXContainerItemProxy;
			containerPortal = 366A96E015A4F85600DA523A /* LLVM.xcodeproj */;
			proxyType = 2;
			remoteGlobalIDString = D4A6F374722F4CA3BE0B5EA4;
			remoteInfo = LLVMXCoreCodeGen;
		};
		366A985C15A4F86000DA523A /* PBXContainerItemProxy */ = {
			isa = PBXContainerItemProxy;
			containerPortal = 366A96E015A4F85600DA523A /* LLVM.xcodeproj */;
			proxyType = 2;
			remoteGlobalIDString = 3DC61AAFFABD4120A92D2884;
			remoteInfo = LLVMXCoreInfo;
		};
		366A985E15A4F86000DA523A /* PBXContainerItemProxy */ = {
			isa = PBXContainerItemProxy;
			containerPortal = 366A96E015A4F85600DA523A /* LLVM.xcodeproj */;
			proxyType = 2;
			remoteGlobalIDString = F6C5AC1452954223A5BB911C;
			remoteInfo = LLVMXCoreDesc;
		};
		366A986015A4F86000DA523A /* PBXContainerItemProxy */ = {
			isa = PBXContainerItemProxy;
			containerPortal = 366A96E015A4F85600DA523A /* LLVM.xcodeproj */;
			proxyType = 2;
			remoteGlobalIDString = B714E34B83BE4B06B1BAC2C1;
			remoteInfo = LLVMAsmParser;
		};
		366A986215A4F86000DA523A /* PBXContainerItemProxy */ = {
			isa = PBXContainerItemProxy;
			containerPortal = 366A96E015A4F85600DA523A /* LLVM.xcodeproj */;
			proxyType = 2;
			remoteGlobalIDString = 12F89AB79ECF4B8999EB23AF;
			remoteInfo = LLVMArchive;
		};
		366A986415A4F86000DA523A /* PBXContainerItemProxy */ = {
			isa = PBXContainerItemProxy;
			containerPortal = 366A96E015A4F85600DA523A /* LLVM.xcodeproj */;
			proxyType = 2;
			remoteGlobalIDString = FD250CE24DDC4EA3ACCE1AE9;
			remoteInfo = FileCheck;
		};
		366A986615A4F86000DA523A /* PBXContainerItemProxy */ = {
			isa = PBXContainerItemProxy;
			containerPortal = 366A96E015A4F85600DA523A /* LLVM.xcodeproj */;
			proxyType = 2;
			remoteGlobalIDString = B7493F2A3F0B49FE843F1172;
			remoteInfo = FileUpdate;
		};
		366A986815A4F86000DA523A /* PBXContainerItemProxy */ = {
			isa = PBXContainerItemProxy;
			containerPortal = 366A96E015A4F85600DA523A /* LLVM.xcodeproj */;
			proxyType = 2;
			remoteGlobalIDString = 53B8A347DFA640A9ABF88D3B;
			remoteInfo = count;
		};
		366A986A15A4F86000DA523A /* PBXContainerItemProxy */ = {
			isa = PBXContainerItemProxy;
			containerPortal = 366A96E015A4F85600DA523A /* LLVM.xcodeproj */;
			proxyType = 2;
			remoteGlobalIDString = A520C35E22C24EAAA3154F45;
			remoteInfo = not;
		};
		366A986C15A4F86000DA523A /* PBXContainerItemProxy */ = {
			isa = PBXContainerItemProxy;
			containerPortal = 366A96E015A4F85600DA523A /* LLVM.xcodeproj */;
			proxyType = 2;
			remoteGlobalIDString = 4F57E4D1B68F42E8850F3ACF;
			remoteInfo = "yaml-bench";
		};
		366A986E15A4F86000DA523A /* PBXContainerItemProxy */ = {
			isa = PBXContainerItemProxy;
			containerPortal = 366A96E015A4F85600DA523A /* LLVM.xcodeproj */;
			proxyType = 2;
			remoteGlobalIDString = 90F0F9461E264189AA96F3D1;
			remoteInfo = "llvm-config";
		};
		366A987015A4F86000DA523A /* PBXContainerItemProxy */ = {
			isa = PBXContainerItemProxy;
			containerPortal = 366A96E015A4F85600DA523A /* LLVM.xcodeproj */;
			proxyType = 2;
			remoteGlobalIDString = B8F3C6AFEF3A4676AE13F2C6;
			remoteInfo = opt;
		};
		366A987215A4F86000DA523A /* PBXContainerItemProxy */ = {
			isa = PBXContainerItemProxy;
			containerPortal = 366A96E015A4F85600DA523A /* LLVM.xcodeproj */;
			proxyType = 2;
			remoteGlobalIDString = 209470EDA8C349C982D64AA5;
			remoteInfo = "llvm-as";
		};
		366A987415A4F86000DA523A /* PBXContainerItemProxy */ = {
			isa = PBXContainerItemProxy;
			containerPortal = 366A96E015A4F85600DA523A /* LLVM.xcodeproj */;
			proxyType = 2;
			remoteGlobalIDString = 74A84334A4D9423D8EAB7999;
			remoteInfo = "llvm-dis";
		};
		366A987615A4F86000DA523A /* PBXContainerItemProxy */ = {
			isa = PBXContainerItemProxy;
			containerPortal = 366A96E015A4F85600DA523A /* LLVM.xcodeproj */;
			proxyType = 2;
			remoteGlobalIDString = A701D7BFF5044FEE9BAD5C17;
			remoteInfo = "llvm-mc";
		};
		366A987815A4F86000DA523A /* PBXContainerItemProxy */ = {
			isa = PBXContainerItemProxy;
			containerPortal = 366A96E015A4F85600DA523A /* LLVM.xcodeproj */;
			proxyType = 2;
			remoteGlobalIDString = 9741B65C82A541C5933C21F1;
			remoteInfo = llc;
		};
		366A987A15A4F86000DA523A /* PBXContainerItemProxy */ = {
			isa = PBXContainerItemProxy;
			containerPortal = 366A96E015A4F85600DA523A /* LLVM.xcodeproj */;
			proxyType = 2;
			remoteGlobalIDString = F67782D175AD4B0AA76D51A7;
			remoteInfo = "llvm-ranlib";
		};
		366A987C15A4F86000DA523A /* PBXContainerItemProxy */ = {
			isa = PBXContainerItemProxy;
			containerPortal = 366A96E015A4F85600DA523A /* LLVM.xcodeproj */;
			proxyType = 2;
			remoteGlobalIDString = 177ABF0D51C54B4FB88F2EF6;
			remoteInfo = "llvm-ar";
		};
		366A987E15A4F86000DA523A /* PBXContainerItemProxy */ = {
			isa = PBXContainerItemProxy;
			containerPortal = 366A96E015A4F85600DA523A /* LLVM.xcodeproj */;
			proxyType = 2;
			remoteGlobalIDString = 1E60B22FC6A941BA84F69598;
			remoteInfo = "llvm-nm";
		};
		366A988015A4F86000DA523A /* PBXContainerItemProxy */ = {
			isa = PBXContainerItemProxy;
			containerPortal = 366A96E015A4F85600DA523A /* LLVM.xcodeproj */;
			proxyType = 2;
			remoteGlobalIDString = 170131DAE3B64F0D8A64761C;
			remoteInfo = "llvm-size";
		};
		366A988215A4F86000DA523A /* PBXContainerItemProxy */ = {
			isa = PBXContainerItemProxy;
			containerPortal = 366A96E015A4F85600DA523A /* LLVM.xcodeproj */;
			proxyType = 2;
			remoteGlobalIDString = E49D5DFC48D0446DBAF4E61E;
			remoteInfo = "llvm-ld";
		};
		366A988415A4F86000DA523A /* PBXContainerItemProxy */ = {
			isa = PBXContainerItemProxy;
			containerPortal = 366A96E015A4F85600DA523A /* LLVM.xcodeproj */;
			proxyType = 2;
			remoteGlobalIDString = 3C224D5E0351432F8A4B8EDB;
			remoteInfo = "llvm-cov";
		};
		366A988615A4F86000DA523A /* PBXContainerItemProxy */ = {
			isa = PBXContainerItemProxy;
			containerPortal = 366A96E015A4F85600DA523A /* LLVM.xcodeproj */;
			proxyType = 2;
			remoteGlobalIDString = 841E02291E704FB0BA9E70E5;
			remoteInfo = "llvm-prof";
		};
		366A988815A4F86000DA523A /* PBXContainerItemProxy */ = {
			isa = PBXContainerItemProxy;
			containerPortal = 366A96E015A4F85600DA523A /* LLVM.xcodeproj */;
			proxyType = 2;
			remoteGlobalIDString = B1CC4C6EAACD40BD8FC53D24;
			remoteInfo = "llvm-link";
		};
		366A988A15A4F86000DA523A /* PBXContainerItemProxy */ = {
			isa = PBXContainerItemProxy;
			containerPortal = 366A96E015A4F85600DA523A /* LLVM.xcodeproj */;
			proxyType = 2;
			remoteGlobalIDString = E73962C4103C4EE7838F3CF7;
			remoteInfo = lli;
		};
		366A988C15A4F86000DA523A /* PBXContainerItemProxy */ = {
			isa = PBXContainerItemProxy;
			containerPortal = 366A96E015A4F85600DA523A /* LLVM.xcodeproj */;
			proxyType = 2;
			remoteGlobalIDString = 21A7F15AAF4C46DA8D3D3F9B;
			remoteInfo = "llvm-extract";
		};
		366A988E15A4F86000DA523A /* PBXContainerItemProxy */ = {
			isa = PBXContainerItemProxy;
			containerPortal = 366A96E015A4F85600DA523A /* LLVM.xcodeproj */;
			proxyType = 2;
			remoteGlobalIDString = 8D096E5618CE42CB847677CC;
			remoteInfo = "llvm-diff";
		};
		366A989015A4F86000DA523A /* PBXContainerItemProxy */ = {
			isa = PBXContainerItemProxy;
			containerPortal = 366A96E015A4F85600DA523A /* LLVM.xcodeproj */;
			proxyType = 2;
			remoteGlobalIDString = 3CB547579AC74EAAB791FE69;
			remoteInfo = "macho-dump";
		};
		366A989215A4F86000DA523A /* PBXContainerItemProxy */ = {
			isa = PBXContainerItemProxy;
			containerPortal = 366A96E015A4F85600DA523A /* LLVM.xcodeproj */;
			proxyType = 2;
			remoteGlobalIDString = 0F78DA36FB3D476D9BB1F887;
			remoteInfo = "llvm-objdump";
		};
		366A989415A4F86000DA523A /* PBXContainerItemProxy */ = {
			isa = PBXContainerItemProxy;
			containerPortal = 366A96E015A4F85600DA523A /* LLVM.xcodeproj */;
			proxyType = 2;
			remoteGlobalIDString = A613B5CD571E40FE81CC270C;
			remoteInfo = "llvm-readobj";
		};
		366A989615A4F86000DA523A /* PBXContainerItemProxy */ = {
			isa = PBXContainerItemProxy;
			containerPortal = 366A96E015A4F85600DA523A /* LLVM.xcodeproj */;
			proxyType = 2;
			remoteGlobalIDString = 0A17360167A64B5DB57591F9;
			remoteInfo = "llvm-rtdyld";
		};
		366A989815A4F86000DA523A /* PBXContainerItemProxy */ = {
			isa = PBXContainerItemProxy;
			containerPortal = 366A96E015A4F85600DA523A /* LLVM.xcodeproj */;
			proxyType = 2;
			remoteGlobalIDString = 37FA234881DE4E6498FD07DC;
			remoteInfo = "llvm-dwarfdump";
		};
		366A989A15A4F86000DA523A /* PBXContainerItemProxy */ = {
			isa = PBXContainerItemProxy;
			containerPortal = 366A96E015A4F85600DA523A /* LLVM.xcodeproj */;
			proxyType = 2;
			remoteGlobalIDString = EDCAB9E9212941B6B06B6378;
			remoteInfo = bugpoint;
		};
		366A989C15A4F86000DA523A /* PBXContainerItemProxy */ = {
			isa = PBXContainerItemProxy;
			containerPortal = 366A96E015A4F85600DA523A /* LLVM.xcodeproj */;
			proxyType = 2;
			remoteGlobalIDString = 943C8332474A437486E324F7;
			remoteInfo = BugpointPasses;
		};
		366A989E15A4F86000DA523A /* PBXContainerItemProxy */ = {
			isa = PBXContainerItemProxy;
			containerPortal = 366A96E015A4F85600DA523A /* LLVM.xcodeproj */;
			proxyType = 2;
			remoteGlobalIDString = 86D979D48CF043CDA7A08031;
			remoteInfo = "llvm-bcanalyzer";
		};
		366A98A015A4F86000DA523A /* PBXContainerItemProxy */ = {
			isa = PBXContainerItemProxy;
			containerPortal = 366A96E015A4F85600DA523A /* LLVM.xcodeproj */;
			proxyType = 2;
			remoteGlobalIDString = E5158379857F49AC85C8670E;
			remoteInfo = "llvm-stub";
		};
		366A98A215A4F86000DA523A /* PBXContainerItemProxy */ = {
			isa = PBXContainerItemProxy;
			containerPortal = 366A96E015A4F85600DA523A /* LLVM.xcodeproj */;
			proxyType = 2;
			remoteGlobalIDString = C7050A87199448BA8057F8EA;
			remoteInfo = "llvm-stress";
		};
		366A98A415A4F86000DA523A /* PBXContainerItemProxy */ = {
			isa = PBXContainerItemProxy;
			containerPortal = 366A96E015A4F85600DA523A /* LLVM.xcodeproj */;
			proxyType = 2;
			remoteGlobalIDString = 11A09EB2ACAF44028B696A12;
			remoteInfo = LTO;
		};
		366A98A615A4F86000DA523A /* PBXContainerItemProxy */ = {
			isa = PBXContainerItemProxy;
			containerPortal = 366A96E015A4F85600DA523A /* LLVM.xcodeproj */;
			proxyType = 2;
			remoteGlobalIDString = 48B16D4127B5409589A6E2C8;
			remoteInfo = LTO_static;
		};
		366A98A815A4F86000DA523A /* PBXContainerItemProxy */ = {
			isa = PBXContainerItemProxy;
			containerPortal = 366A96E015A4F85600DA523A /* LLVM.xcodeproj */;
			proxyType = 2;
			remoteGlobalIDString = D9EE2F021E324162A44C34AE;
			remoteInfo = "profile_rt-shared";
		};
		366A98AA15A4F86000DA523A /* PBXContainerItemProxy */ = {
			isa = PBXContainerItemProxy;
			containerPortal = 366A96E015A4F85600DA523A /* LLVM.xcodeproj */;
			proxyType = 2;
			remoteGlobalIDString = 2AB2CA6CF31449EC9295885F;
			remoteInfo = "profile_rt-static";
		};
		366A98AC15A4F86000DA523A /* PBXContainerItemProxy */ = {
			isa = PBXContainerItemProxy;
			containerPortal = 366A96E015A4F85600DA523A /* LLVM.xcodeproj */;
			proxyType = 2;
			remoteGlobalIDString = 61061849CA5242608FA530AF;
			remoteInfo = BrainF;
		};
		366A98AE15A4F86000DA523A /* PBXContainerItemProxy */ = {
			isa = PBXContainerItemProxy;
			containerPortal = 366A96E015A4F85600DA523A /* LLVM.xcodeproj */;
			proxyType = 2;
			remoteGlobalIDString = E70750E2EA414362954052D8;
			remoteInfo = Fibonacci;
		};
		366A98B015A4F86000DA523A /* PBXContainerItemProxy */ = {
			isa = PBXContainerItemProxy;
			containerPortal = 366A96E015A4F85600DA523A /* LLVM.xcodeproj */;
			proxyType = 2;
			remoteGlobalIDString = D5AB998A38ED483391D99A81;
			remoteInfo = HowToUseJIT;
		};
		366A98B215A4F86000DA523A /* PBXContainerItemProxy */ = {
			isa = PBXContainerItemProxy;
			containerPortal = 366A96E015A4F85600DA523A /* LLVM.xcodeproj */;
			proxyType = 2;
			remoteGlobalIDString = B3E940C2776C4438A923739D;
			remoteInfo = "Kaleidoscope-Ch2";
		};
		366A98B415A4F86000DA523A /* PBXContainerItemProxy */ = {
			isa = PBXContainerItemProxy;
			containerPortal = 366A96E015A4F85600DA523A /* LLVM.xcodeproj */;
			proxyType = 2;
			remoteGlobalIDString = 71B0FEF438D9495D98632321;
			remoteInfo = "Kaleidoscope-Ch3";
		};
		366A98B615A4F86000DA523A /* PBXContainerItemProxy */ = {
			isa = PBXContainerItemProxy;
			containerPortal = 366A96E015A4F85600DA523A /* LLVM.xcodeproj */;
			proxyType = 2;
			remoteGlobalIDString = 0930010E3F374880ACE948F1;
			remoteInfo = "Kaleidoscope-Ch4";
		};
		366A98B815A4F86000DA523A /* PBXContainerItemProxy */ = {
			isa = PBXContainerItemProxy;
			containerPortal = 366A96E015A4F85600DA523A /* LLVM.xcodeproj */;
			proxyType = 2;
			remoteGlobalIDString = 1E30A2D2D2D54448870C739D;
			remoteInfo = "Kaleidoscope-Ch5";
		};
		366A98BA15A4F86000DA523A /* PBXContainerItemProxy */ = {
			isa = PBXContainerItemProxy;
			containerPortal = 366A96E015A4F85600DA523A /* LLVM.xcodeproj */;
			proxyType = 2;
			remoteGlobalIDString = 56C63050490F420BAD32CCD6;
			remoteInfo = "Kaleidoscope-Ch6";
		};
		366A98BC15A4F86000DA523A /* PBXContainerItemProxy */ = {
			isa = PBXContainerItemProxy;
			containerPortal = 366A96E015A4F85600DA523A /* LLVM.xcodeproj */;
			proxyType = 2;
			remoteGlobalIDString = 4422A0AE80254237AE1381F0;
			remoteInfo = "Kaleidoscope-Ch7";
		};
		366A98BE15A4F86000DA523A /* PBXContainerItemProxy */ = {
			isa = PBXContainerItemProxy;
			containerPortal = 366A96E015A4F85600DA523A /* LLVM.xcodeproj */;
			proxyType = 2;
			remoteGlobalIDString = DCB486435A7443D0AB6D6CEA;
			remoteInfo = ModuleMaker;
		};
		366A98C015A4F86000DA523A /* PBXContainerItemProxy */ = {
			isa = PBXContainerItemProxy;
			containerPortal = 366A96E015A4F85600DA523A /* LLVM.xcodeproj */;
			proxyType = 2;
			remoteGlobalIDString = B7A41021F9CC49ECBB1F9604;
			remoteInfo = ExceptionDemo;
		};
		366A98C215A4F86000DA523A /* PBXContainerItemProxy */ = {
			isa = PBXContainerItemProxy;
			containerPortal = 366A96E015A4F85600DA523A /* LLVM.xcodeproj */;
			proxyType = 2;
			remoteGlobalIDString = FE2777C63722440781ADDAC2;
			remoteInfo = ParallelJIT;
		};
		366A98C415A4F86000DA523A /* PBXContainerItemProxy */ = {
			isa = PBXContainerItemProxy;
			containerPortal = 366A96E015A4F85600DA523A /* LLVM.xcodeproj */;
			proxyType = 2;
			remoteGlobalIDString = F56BF5BCC53F4A2F8FB40516;
			remoteInfo = gtest;
		};
		366A98C615A4F86000DA523A /* PBXContainerItemProxy */ = {
			isa = PBXContainerItemProxy;
			containerPortal = 366A96E015A4F85600DA523A /* LLVM.xcodeproj */;
			proxyType = 2;
			remoteGlobalIDString = D8DDC6B66CF44A979B1CADCF;
			remoteInfo = gtest_main;
		};
		366A98C815A4F86000DA523A /* PBXContainerItemProxy */ = {
			isa = PBXContainerItemProxy;
			containerPortal = 366A96E015A4F85600DA523A /* LLVM.xcodeproj */;
			proxyType = 2;
			remoteGlobalIDString = D0C478AA91C64DC7BB80194D;
			remoteInfo = ADTTests;
		};
		366A98CA15A4F86000DA523A /* PBXContainerItemProxy */ = {
			isa = PBXContainerItemProxy;
			containerPortal = 366A96E015A4F85600DA523A /* LLVM.xcodeproj */;
			proxyType = 2;
			remoteGlobalIDString = EA215D5E23CF4FC08FA358D4;
			remoteInfo = AnalysisTests;
		};
		366A98CC15A4F86000DA523A /* PBXContainerItemProxy */ = {
			isa = PBXContainerItemProxy;
			containerPortal = 366A96E015A4F85600DA523A /* LLVM.xcodeproj */;
			proxyType = 2;
			remoteGlobalIDString = EAE64DD3CA7C4B50968AC13F;
			remoteInfo = BitcodeTests;
		};
		366A98CE15A4F86000DA523A /* PBXContainerItemProxy */ = {
			isa = PBXContainerItemProxy;
			containerPortal = 366A96E015A4F85600DA523A /* LLVM.xcodeproj */;
			proxyType = 2;
			remoteGlobalIDString = 046C3123E2BB4219875FB721;
			remoteInfo = ExecutionEngineTests;
		};
		366A98D015A4F86000DA523A /* PBXContainerItemProxy */ = {
			isa = PBXContainerItemProxy;
			containerPortal = 366A96E015A4F85600DA523A /* LLVM.xcodeproj */;
			proxyType = 2;
			remoteGlobalIDString = B03E4FF394B843F098676984;
			remoteInfo = JITTests;
		};
		366A98D215A4F86000DA523A /* PBXContainerItemProxy */ = {
			isa = PBXContainerItemProxy;
			containerPortal = 366A96E015A4F85600DA523A /* LLVM.xcodeproj */;
			proxyType = 2;
			remoteGlobalIDString = 1EEBA3410A7C4E879EA03CC4;
			remoteInfo = SupportTests;
		};
		366A98D415A4F86000DA523A /* PBXContainerItemProxy */ = {
			isa = PBXContainerItemProxy;
			containerPortal = 366A96E015A4F85600DA523A /* LLVM.xcodeproj */;
			proxyType = 2;
			remoteGlobalIDString = D9EEBA29897B4E7E949AD613;
			remoteInfo = UtilsTests;
		};
		366A98D615A4F86000DA523A /* PBXContainerItemProxy */ = {
			isa = PBXContainerItemProxy;
			containerPortal = 366A96E015A4F85600DA523A /* LLVM.xcodeproj */;
			proxyType = 2;
			remoteGlobalIDString = A1FC9D6C3B474148B2FF0706;
			remoteInfo = VMCoreTests;
		};
/* End PBXContainerItemProxy section */

/* Begin PBXFileReference section */
		366A96CB15A4F76C00DA523A /* FractalStreamCompiler.dylib */ = {isa = PBXFileReference; explicitFileType = "compiled.mach-o.dylib"; includeInIndex = 0; path = FractalStreamCompiler.dylib; sourceTree = BUILT_PRODUCTS_DIR; };
		366A96CF15A4F76C00DA523A /* FractalStreamCompiler-Prefix.pch */ = {isa = PBXFileReference; lastKnownFileType = sourcecode.c.h; path = "FractalStreamCompiler-Prefix.pch"; sourceTree = "<group>"; };
		366A96D015A4F76C00DA523A /* FractalStreamCompilerProj.xcconfig */ = {isa = PBXFileReference; lastKnownFileType = text.xcconfig; path = FractalStreamCompilerProj.xcconfig; sourceTree = "<group>"; };
		366A96D115A4F76C00DA523A /* FractalStreamCompilerTarget.xcconfig */ = {isa = PBXFileReference; lastKnownFileType = text.xcconfig; path = FractalStreamCompilerTarget.xcconfig; sourceTree = "<group>"; };
		366A96D215A4F76C00DA523A /* FractalStreamCompiler.h */ = {isa = PBXFileReference; lastKnownFileType = sourcecode.c.h; path = FractalStreamCompiler.h; sourceTree = "<group>"; };
		366A96D315A4F76C00DA523A /* FractalStreamCompilerPriv.h */ = {isa = PBXFileReference; lastKnownFileType = sourcecode.c.h; path = FractalStreamCompilerPriv.h; sourceTree = "<group>"; };
		366A96D415A4F76C00DA523A /* FractalStreamCompiler.cp */ = {isa = PBXFileReference; lastKnownFileType = sourcecode.cpp.cpp; path = FractalStreamCompiler.cp; sourceTree = "<group>"; };
		366A96E015A4F85600DA523A /* LLVM.xcodeproj */ = {isa = PBXFileReference; lastKnownFileType = "wrapper.pb-project"; name = LLVM.xcodeproj; path = external/llvm/LLVM.xcodeproj; sourceTree = "<group>"; };
/* End PBXFileReference section */

/* Begin PBXFrameworksBuildPhase section */
		366A96C815A4F76C00DA523A /* Frameworks */ = {
			isa = PBXFrameworksBuildPhase;
			buildActionMask = 2147483647;
			files = (
			);
			runOnlyForDeploymentPostprocessing = 0;
		};
/* End PBXFrameworksBuildPhase section */

/* Begin PBXGroup section */
		366A96C015A4F76C00DA523A = {
			isa = PBXGroup;
			children = (
				366A96DF15A4F84300DA523A /* external */,
				366A96CD15A4F76C00DA523A /* FractalStreamCompiler */,
				366A96CC15A4F76C00DA523A /* Products */,
			);
			sourceTree = "<group>";
		};
		366A96CC15A4F76C00DA523A /* Products */ = {
			isa = PBXGroup;
			children = (
				366A96CB15A4F76C00DA523A /* FractalStreamCompiler.dylib */,
			);
			name = Products;
			sourceTree = "<group>";
		};
		366A96CD15A4F76C00DA523A /* FractalStreamCompiler */ = {
			isa = PBXGroup;
			children = (
				366A96D015A4F76C00DA523A /* FractalStreamCompilerProj.xcconfig */,
				366A96D115A4F76C00DA523A /* FractalStreamCompilerTarget.xcconfig */,
				366A96D215A4F76C00DA523A /* FractalStreamCompiler.h */,
				366A96D315A4F76C00DA523A /* FractalStreamCompilerPriv.h */,
				366A96D415A4F76C00DA523A /* FractalStreamCompiler.cp */,
				366A96CE15A4F76C00DA523A /* Supporting Files */,
			);
			path = FractalStreamCompiler;
			sourceTree = "<group>";
		};
		366A96CE15A4F76C00DA523A /* Supporting Files */ = {
			isa = PBXGroup;
			children = (
				366A96CF15A4F76C00DA523A /* FractalStreamCompiler-Prefix.pch */,
			);
			name = "Supporting Files";
			sourceTree = "<group>";
		};
		366A96DF15A4F84300DA523A /* external */ = {
			isa = PBXGroup;
			children = (
				366A96E015A4F85600DA523A /* LLVM.xcodeproj */,
			);
			name = external;
			sourceTree = "<group>";
		};
		366A96E115A4F85600DA523A /* Products */ = {
			isa = PBXGroup;
			children = (
				366A97BB15A4F86000DA523A /* libLLVMSupport.a */,
				366A97BD15A4F86000DA523A /* libLLVMTableGen.a */,
				366A97BF15A4F86000DA523A /* llvm-tblgen */,
				366A97C115A4F86000DA523A /* libllvm_headers_do_not_build.a */,
				366A97C315A4F86000DA523A /* libLLVMCore.a */,
				366A97C515A4F86000DA523A /* libLLVMCodeGen.a */,
				366A97C715A4F86000DA523A /* libLLVMSelectionDAG.a */,
				366A97C915A4F86000DA523A /* libLLVMAsmPrinter.a */,
				366A97CB15A4F86000DA523A /* libLLVMBitReader.a */,
				366A97CD15A4F86000DA523A /* libLLVMBitWriter.a */,
				366A97CF15A4F86000DA523A /* libLLVMTransformUtils.a */,
				366A97D115A4F86000DA523A /* libLLVMInstrumentation.a */,
				366A97D315A4F86000DA523A /* libLLVMInstCombine.a */,
				366A97D515A4F86000DA523A /* libLLVMScalarOpts.a */,
				366A97D715A4F86000DA523A /* libLLVMipo.a */,
				366A97D915A4F86000DA523A /* libLLVMVectorize.a */,
				366A97DB15A4F86000DA523A /* LLVMHello.dylib */,
				366A97DD15A4F86000DA523A /* libLLVMLinker.a */,
				366A97DF15A4F86000DA523A /* libLLVMAnalysis.a */,
				366A97E115A4F86000DA523A /* libLLVMipa.a */,
				366A97E315A4F86000DA523A /* libLLVMMC.a */,
				366A97E515A4F86000DA523A /* libLLVMMCParser.a */,
				366A97E715A4F86000DA523A /* libLLVMMCDisassembler.a */,
				366A97E915A4F86000DA523A /* libLLVMObject.a */,
				366A97EB15A4F86000DA523A /* libLLVMDebugInfo.a */,
				366A97ED15A4F86000DA523A /* libLLVMExecutionEngine.a */,
				366A97EF15A4F86000DA523A /* libLLVMInterpreter.a */,
				366A97F115A4F86000DA523A /* libLLVMJIT.a */,
				366A97F315A4F86000DA523A /* libLLVMMCJIT.a */,
				366A97F515A4F86000DA523A /* libLLVMRuntimeDyld.a */,
				366A97F715A4F86000DA523A /* libLLVMTarget.a */,
				366A97F915A4F86000DA523A /* libLLVMARMCodeGen.a */,
				366A97FB15A4F86000DA523A /* libLLVMARMInfo.a */,
				366A97FD15A4F86000DA523A /* libLLVMARMAsmParser.a */,
				366A97FF15A4F86000DA523A /* libLLVMARMDisassembler.a */,
				366A980115A4F86000DA523A /* libLLVMARMAsmPrinter.a */,
				366A980315A4F86000DA523A /* libLLVMARMDesc.a */,
				366A980515A4F86000DA523A /* libLLVMCellSPUCodeGen.a */,
				366A980715A4F86000DA523A /* libLLVMCellSPUInfo.a */,
				366A980915A4F86000DA523A /* libLLVMCellSPUDesc.a */,
				366A980B15A4F86000DA523A /* libLLVMCppBackendCodeGen.a */,
				366A980D15A4F86000DA523A /* libLLVMCppBackendInfo.a */,
				366A980F15A4F86000DA523A /* libLLVMHexagonCodeGen.a */,
				366A981115A4F86000DA523A /* libLLVMHexagonInfo.a */,
				366A981315A4F86000DA523A /* libLLVMHexagonAsmPrinter.a */,
				366A981515A4F86000DA523A /* libLLVMHexagonDesc.a */,
				366A981715A4F86000DA523A /* libLLVMMipsCodeGen.a */,
				366A981915A4F86000DA523A /* libLLVMMipsAsmPrinter.a */,
				366A981B15A4F86000DA523A /* libLLVMMipsDisassembler.a */,
				366A981D15A4F86000DA523A /* libLLVMMipsInfo.a */,
				366A981F15A4F86000DA523A /* libLLVMMipsDesc.a */,
				366A982115A4F86000DA523A /* libLLVMMipsAsmParser.a */,
				366A982315A4F86000DA523A /* libLLVMMBlazeCodeGen.a */,
				366A982515A4F86000DA523A /* libLLVMMBlazeAsmParser.a */,
				366A982715A4F86000DA523A /* libLLVMMBlazeDisassembler.a */,
				366A982915A4F86000DA523A /* libLLVMMBlazeAsmPrinter.a */,
				366A982B15A4F86000DA523A /* libLLVMMBlazeInfo.a */,
				366A982D15A4F86000DA523A /* libLLVMMBlazeDesc.a */,
				366A982F15A4F86000DA523A /* libLLVMMSP430CodeGen.a */,
				366A983115A4F86000DA523A /* libLLVMMSP430AsmPrinter.a */,
				366A983315A4F86000DA523A /* libLLVMMSP430Info.a */,
				366A983515A4F86000DA523A /* libLLVMMSP430Desc.a */,
				366A983715A4F86000DA523A /* libLLVMPowerPCCodeGen.a */,
				366A983915A4F86000DA523A /* libLLVMPowerPCAsmPrinter.a */,
				366A983B15A4F86000DA523A /* libLLVMPowerPCInfo.a */,
				366A983D15A4F86000DA523A /* libLLVMPowerPCDesc.a */,
				366A983F15A4F86000DA523A /* libLLVMPTXCodeGen.a */,
				366A984115A4F86000DA523A /* libLLVMPTXInfo.a */,
				366A984315A4F86000DA523A /* libLLVMPTXAsmPrinter.a */,
				366A984515A4F86000DA523A /* libLLVMPTXDesc.a */,
				366A984715A4F86000DA523A /* libLLVMSparcCodeGen.a */,
				366A984915A4F86000DA523A /* libLLVMSparcInfo.a */,
				366A984B15A4F86000DA523A /* libLLVMSparcDesc.a */,
				366A984D15A4F86000DA523A /* libLLVMX86CodeGen.a */,
				366A984F15A4F86000DA523A /* libLLVMX86AsmParser.a */,
				366A985115A4F86000DA523A /* libLLVMX86Disassembler.a */,
				366A985315A4F86000DA523A /* libLLVMX86AsmPrinter.a */,
				366A985515A4F86000DA523A /* libLLVMX86Desc.a */,
				366A985715A4F86000DA523A /* libLLVMX86Info.a */,
				366A985915A4F86000DA523A /* libLLVMX86Utils.a */,
				366A985B15A4F86000DA523A /* libLLVMXCoreCodeGen.a */,
				366A985D15A4F86000DA523A /* libLLVMXCoreInfo.a */,
				366A985F15A4F86000DA523A /* libLLVMXCoreDesc.a */,
				366A986115A4F86000DA523A /* libLLVMAsmParser.a */,
				366A986315A4F86000DA523A /* libLLVMArchive.a */,
				366A986515A4F86000DA523A /* FileCheck */,
				366A986715A4F86000DA523A /* FileUpdate */,
				366A986915A4F86000DA523A /* count */,
				366A986B15A4F86000DA523A /* not */,
				366A986D15A4F86000DA523A /* yaml-bench */,
				366A986F15A4F86000DA523A /* llvm-config */,
				366A987115A4F86000DA523A /* opt */,
				366A987315A4F86000DA523A /* llvm-as */,
				366A987515A4F86000DA523A /* llvm-dis */,
				366A987715A4F86000DA523A /* llvm-mc */,
				366A987915A4F86000DA523A /* llc */,
				366A987B15A4F86000DA523A /* llvm-ranlib */,
				366A987D15A4F86000DA523A /* llvm-ar */,
				366A987F15A4F86000DA523A /* llvm-nm */,
				366A988115A4F86000DA523A /* llvm-size */,
				366A988315A4F86000DA523A /* llvm-ld */,
				366A988515A4F86000DA523A /* llvm-cov */,
				366A988715A4F86000DA523A /* llvm-prof */,
				366A988915A4F86000DA523A /* llvm-link */,
				366A988B15A4F86000DA523A /* lli */,
				366A988D15A4F86000DA523A /* llvm-extract */,
				366A988F15A4F86000DA523A /* llvm-diff */,
				366A989115A4F86000DA523A /* macho-dump */,
				366A989315A4F86000DA523A /* llvm-objdump */,
				366A989515A4F86000DA523A /* llvm-readobj */,
				366A989715A4F86000DA523A /* llvm-rtdyld */,
				366A989915A4F86000DA523A /* llvm-dwarfdump */,
				366A989B15A4F86000DA523A /* bugpoint */,
				366A989D15A4F86000DA523A /* BugpointPasses.dylib */,
				366A989F15A4F86000DA523A /* llvm-bcanalyzer */,
				366A98A115A4F86000DA523A /* llvm-stub */,
				366A98A315A4F86000DA523A /* llvm-stress */,
				366A98A515A4F86000DA523A /* libLTO.dylib */,
				366A98A715A4F86000DA523A /* libLTO.a */,
				366A98A915A4F86000DA523A /* profile_rt.dylib */,
				366A98AB15A4F86000DA523A /* libprofile_rt.a */,
				366A98AD15A4F86000DA523A /* BrainF */,
				366A98AF15A4F86000DA523A /* Fibonacci */,
				366A98B115A4F86000DA523A /* HowToUseJIT */,
				366A98B315A4F86000DA523A /* Kaleidoscope-Ch2 */,
				366A98B515A4F86000DA523A /* Kaleidoscope-Ch3 */,
				366A98B715A4F86000DA523A /* Kaleidoscope-Ch4 */,
				366A98B915A4F86000DA523A /* Kaleidoscope-Ch5 */,
				366A98BB15A4F86000DA523A /* Kaleidoscope-Ch6 */,
				366A98BD15A4F86000DA523A /* Kaleidoscope-Ch7 */,
				366A98BF15A4F86000DA523A /* ModuleMaker */,
				366A98C115A4F86000DA523A /* ExceptionDemo */,
				366A98C315A4F86000DA523A /* ParallelJIT */,
				366A98C515A4F86000DA523A /* libgtest.a */,
				366A98C715A4F86000DA523A /* libgtest_main.a */,
				366A98C915A4F86000DA523A /* ADTTests */,
				366A98CB15A4F86000DA523A /* AnalysisTests */,
				366A98CD15A4F86000DA523A /* BitcodeTests */,
				366A98CF15A4F86000DA523A /* ExecutionEngineTests */,
				366A98D115A4F86000DA523A /* JITTests */,
				366A98D315A4F86000DA523A /* SupportTests */,
				366A98D515A4F86000DA523A /* UtilsTests */,
				366A98D715A4F86000DA523A /* VMCoreTests */,
			);
			name = Products;
			sourceTree = "<group>";
		};
/* End PBXGroup section */

/* Begin PBXHeadersBuildPhase section */
		366A96C915A4F76C00DA523A /* Headers */ = {
			isa = PBXHeadersBuildPhase;
			buildActionMask = 2147483647;
			files = (
			);
			runOnlyForDeploymentPostprocessing = 0;
		};
/* End PBXHeadersBuildPhase section */

/* Begin PBXNativeTarget section */
		366A96CA15A4F76C00DA523A /* FractalStreamCompiler */ = {
			isa = PBXNativeTarget;
			buildConfigurationList = 366A96D815A4F76C00DA523A /* Build configuration list for PBXNativeTarget "FractalStreamCompiler" */;
			buildPhases = (
				366A96C715A4F76C00DA523A /* Sources */,
				366A96C815A4F76C00DA523A /* Frameworks */,
				366A96C915A4F76C00DA523A /* Headers */,
			);
			buildRules = (
			);
			dependencies = (
			);
			name = FractalStreamCompiler;
			productName = FractalStreamCompiler;
			productReference = 366A96CB15A4F76C00DA523A /* FractalStreamCompiler.dylib */;
			productType = "com.apple.product-type.library.dynamic";
		};
/* End PBXNativeTarget section */

/* Begin PBXProject section */
		366A96C215A4F76C00DA523A /* Project object */ = {
			isa = PBXProject;
			attributes = {
				LastUpgradeCheck = 0430;
			};
			buildConfigurationList = 366A96C515A4F76C00DA523A /* Build configuration list for PBXProject "FractalStreamCompiler" */;
			compatibilityVersion = "Xcode 3.2";
			developmentRegion = English;
			hasScannedForEncodings = 0;
			knownRegions = (
				en,
			);
			mainGroup = 366A96C015A4F76C00DA523A;
			productRefGroup = 366A96CC15A4F76C00DA523A /* Products */;
			projectDirPath = "";
			projectReferences = (
				{
					ProductGroup = 366A96E115A4F85600DA523A /* Products */;
					ProjectRef = 366A96E015A4F85600DA523A /* LLVM.xcodeproj */;
				},
			);
			projectRoot = "";
			targets = (
				366A96CA15A4F76C00DA523A /* FractalStreamCompiler */,
			);
		};
/* End PBXProject section */

/* Begin PBXReferenceProxy section */
		366A97BB15A4F86000DA523A /* libLLVMSupport.a */ = {
			isa = PBXReferenceProxy;
			fileType = archive.ar;
			path = libLLVMSupport.a;
			remoteRef = 366A97BA15A4F86000DA523A /* PBXContainerItemProxy */;
			sourceTree = BUILT_PRODUCTS_DIR;
		};
		366A97BD15A4F86000DA523A /* libLLVMTableGen.a */ = {
			isa = PBXReferenceProxy;
			fileType = archive.ar;
			path = libLLVMTableGen.a;
			remoteRef = 366A97BC15A4F86000DA523A /* PBXContainerItemProxy */;
			sourceTree = BUILT_PRODUCTS_DIR;
		};
		366A97BF15A4F86000DA523A /* llvm-tblgen */ = {
			isa = PBXReferenceProxy;
			fileType = "compiled.mach-o.executable";
			path = "llvm-tblgen";
			remoteRef = 366A97BE15A4F86000DA523A /* PBXContainerItemProxy */;
			sourceTree = BUILT_PRODUCTS_DIR;
		};
		366A97C115A4F86000DA523A /* libllvm_headers_do_not_build.a */ = {
			isa = PBXReferenceProxy;
			fileType = archive.ar;
			path = libllvm_headers_do_not_build.a;
			remoteRef = 366A97C015A4F86000DA523A /* PBXContainerItemProxy */;
			sourceTree = BUILT_PRODUCTS_DIR;
		};
		366A97C315A4F86000DA523A /* libLLVMCore.a */ = {
			isa = PBXReferenceProxy;
			fileType = archive.ar;
			path = libLLVMCore.a;
			remoteRef = 366A97C215A4F86000DA523A /* PBXContainerItemProxy */;
			sourceTree = BUILT_PRODUCTS_DIR;
		};
		366A97C515A4F86000DA523A /* libLLVMCodeGen.a */ = {
			isa = PBXReferenceProxy;
			fileType = archive.ar;
			path = libLLVMCodeGen.a;
			remoteRef = 366A97C415A4F86000DA523A /* PBXContainerItemProxy */;
			sourceTree = BUILT_PRODUCTS_DIR;
		};
		366A97C715A4F86000DA523A /* libLLVMSelectionDAG.a */ = {
			isa = PBXReferenceProxy;
			fileType = archive.ar;
			path = libLLVMSelectionDAG.a;
			remoteRef = 366A97C615A4F86000DA523A /* PBXContainerItemProxy */;
			sourceTree = BUILT_PRODUCTS_DIR;
		};
		366A97C915A4F86000DA523A /* libLLVMAsmPrinter.a */ = {
			isa = PBXReferenceProxy;
			fileType = archive.ar;
			path = libLLVMAsmPrinter.a;
			remoteRef = 366A97C815A4F86000DA523A /* PBXContainerItemProxy */;
			sourceTree = BUILT_PRODUCTS_DIR;
		};
		366A97CB15A4F86000DA523A /* libLLVMBitReader.a */ = {
			isa = PBXReferenceProxy;
			fileType = archive.ar;
			path = libLLVMBitReader.a;
			remoteRef = 366A97CA15A4F86000DA523A /* PBXContainerItemProxy */;
			sourceTree = BUILT_PRODUCTS_DIR;
		};
		366A97CD15A4F86000DA523A /* libLLVMBitWriter.a */ = {
			isa = PBXReferenceProxy;
			fileType = archive.ar;
			path = libLLVMBitWriter.a;
			remoteRef = 366A97CC15A4F86000DA523A /* PBXContainerItemProxy */;
			sourceTree = BUILT_PRODUCTS_DIR;
		};
		366A97CF15A4F86000DA523A /* libLLVMTransformUtils.a */ = {
			isa = PBXReferenceProxy;
			fileType = archive.ar;
			path = libLLVMTransformUtils.a;
			remoteRef = 366A97CE15A4F86000DA523A /* PBXContainerItemProxy */;
			sourceTree = BUILT_PRODUCTS_DIR;
		};
		366A97D115A4F86000DA523A /* libLLVMInstrumentation.a */ = {
			isa = PBXReferenceProxy;
			fileType = archive.ar;
			path = libLLVMInstrumentation.a;
			remoteRef = 366A97D015A4F86000DA523A /* PBXContainerItemProxy */;
			sourceTree = BUILT_PRODUCTS_DIR;
		};
		366A97D315A4F86000DA523A /* libLLVMInstCombine.a */ = {
			isa = PBXReferenceProxy;
			fileType = archive.ar;
			path = libLLVMInstCombine.a;
			remoteRef = 366A97D215A4F86000DA523A /* PBXContainerItemProxy */;
			sourceTree = BUILT_PRODUCTS_DIR;
		};
		366A97D515A4F86000DA523A /* libLLVMScalarOpts.a */ = {
			isa = PBXReferenceProxy;
			fileType = archive.ar;
			path = libLLVMScalarOpts.a;
			remoteRef = 366A97D415A4F86000DA523A /* PBXContainerItemProxy */;
			sourceTree = BUILT_PRODUCTS_DIR;
		};
		366A97D715A4F86000DA523A /* libLLVMipo.a */ = {
			isa = PBXReferenceProxy;
			fileType = archive.ar;
			path = libLLVMipo.a;
			remoteRef = 366A97D615A4F86000DA523A /* PBXContainerItemProxy */;
			sourceTree = BUILT_PRODUCTS_DIR;
		};
		366A97D915A4F86000DA523A /* libLLVMVectorize.a */ = {
			isa = PBXReferenceProxy;
			fileType = archive.ar;
			path = libLLVMVectorize.a;
			remoteRef = 366A97D815A4F86000DA523A /* PBXContainerItemProxy */;
			sourceTree = BUILT_PRODUCTS_DIR;
		};
		366A97DB15A4F86000DA523A /* LLVMHello.dylib */ = {
			isa = PBXReferenceProxy;
			fileType = "compiled.mach-o.dylib";
			path = LLVMHello.dylib;
			remoteRef = 366A97DA15A4F86000DA523A /* PBXContainerItemProxy */;
			sourceTree = BUILT_PRODUCTS_DIR;
		};
		366A97DD15A4F86000DA523A /* libLLVMLinker.a */ = {
			isa = PBXReferenceProxy;
			fileType = archive.ar;
			path = libLLVMLinker.a;
			remoteRef = 366A97DC15A4F86000DA523A /* PBXContainerItemProxy */;
			sourceTree = BUILT_PRODUCTS_DIR;
		};
		366A97DF15A4F86000DA523A /* libLLVMAnalysis.a */ = {
			isa = PBXReferenceProxy;
			fileType = archive.ar;
			path = libLLVMAnalysis.a;
			remoteRef = 366A97DE15A4F86000DA523A /* PBXContainerItemProxy */;
			sourceTree = BUILT_PRODUCTS_DIR;
		};
		366A97E115A4F86000DA523A /* libLLVMipa.a */ = {
			isa = PBXReferenceProxy;
			fileType = archive.ar;
			path = libLLVMipa.a;
			remoteRef = 366A97E015A4F86000DA523A /* PBXContainerItemProxy */;
			sourceTree = BUILT_PRODUCTS_DIR;
		};
		366A97E315A4F86000DA523A /* libLLVMMC.a */ = {
			isa = PBXReferenceProxy;
			fileType = archive.ar;
			path = libLLVMMC.a;
			remoteRef = 366A97E215A4F86000DA523A /* PBXContainerItemProxy */;
			sourceTree = BUILT_PRODUCTS_DIR;
		};
		366A97E515A4F86000DA523A /* libLLVMMCParser.a */ = {
			isa = PBXReferenceProxy;
			fileType = archive.ar;
			path = libLLVMMCParser.a;
			remoteRef = 366A97E415A4F86000DA523A /* PBXContainerItemProxy */;
			sourceTree = BUILT_PRODUCTS_DIR;
		};
		366A97E715A4F86000DA523A /* libLLVMMCDisassembler.a */ = {
			isa = PBXReferenceProxy;
			fileType = archive.ar;
			path = libLLVMMCDisassembler.a;
			remoteRef = 366A97E615A4F86000DA523A /* PBXContainerItemProxy */;
			sourceTree = BUILT_PRODUCTS_DIR;
		};
		366A97E915A4F86000DA523A /* libLLVMObject.a */ = {
			isa = PBXReferenceProxy;
			fileType = archive.ar;
			path = libLLVMObject.a;
			remoteRef = 366A97E815A4F86000DA523A /* PBXContainerItemProxy */;
			sourceTree = BUILT_PRODUCTS_DIR;
		};
		366A97EB15A4F86000DA523A /* libLLVMDebugInfo.a */ = {
			isa = PBXReferenceProxy;
			fileType = archive.ar;
			path = libLLVMDebugInfo.a;
			remoteRef = 366A97EA15A4F86000DA523A /* PBXContainerItemProxy */;
			sourceTree = BUILT_PRODUCTS_DIR;
		};
		366A97ED15A4F86000DA523A /* libLLVMExecutionEngine.a */ = {
			isa = PBXReferenceProxy;
			fileType = archive.ar;
			path = libLLVMExecutionEngine.a;
			remoteRef = 366A97EC15A4F86000DA523A /* PBXContainerItemProxy */;
			sourceTree = BUILT_PRODUCTS_DIR;
		};
		366A97EF15A4F86000DA523A /* libLLVMInterpreter.a */ = {
			isa = PBXReferenceProxy;
			fileType = archive.ar;
			path = libLLVMInterpreter.a;
			remoteRef = 366A97EE15A4F86000DA523A /* PBXContainerItemProxy */;
			sourceTree = BUILT_PRODUCTS_DIR;
		};
		366A97F115A4F86000DA523A /* libLLVMJIT.a */ = {
			isa = PBXReferenceProxy;
			fileType = archive.ar;
			path = libLLVMJIT.a;
			remoteRef = 366A97F015A4F86000DA523A /* PBXContainerItemProxy */;
			sourceTree = BUILT_PRODUCTS_DIR;
		};
		366A97F315A4F86000DA523A /* libLLVMMCJIT.a */ = {
			isa = PBXReferenceProxy;
			fileType = archive.ar;
			path = libLLVMMCJIT.a;
			remoteRef = 366A97F215A4F86000DA523A /* PBXContainerItemProxy */;
			sourceTree = BUILT_PRODUCTS_DIR;
		};
		366A97F515A4F86000DA523A /* libLLVMRuntimeDyld.a */ = {
			isa = PBXReferenceProxy;
			fileType = archive.ar;
			path = libLLVMRuntimeDyld.a;
			remoteRef = 366A97F415A4F86000DA523A /* PBXContainerItemProxy */;
			sourceTree = BUILT_PRODUCTS_DIR;
		};
		366A97F715A4F86000DA523A /* libLLVMTarget.a */ = {
			isa = PBXReferenceProxy;
			fileType = archive.ar;
			path = libLLVMTarget.a;
			remoteRef = 366A97F615A4F86000DA523A /* PBXContainerItemProxy */;
			sourceTree = BUILT_PRODUCTS_DIR;
		};
		366A97F915A4F86000DA523A /* libLLVMARMCodeGen.a */ = {
			isa = PBXReferenceProxy;
			fileType = archive.ar;
			path = libLLVMARMCodeGen.a;
			remoteRef = 366A97F815A4F86000DA523A /* PBXContainerItemProxy */;
			sourceTree = BUILT_PRODUCTS_DIR;
		};
		366A97FB15A4F86000DA523A /* libLLVMARMInfo.a */ = {
			isa = PBXReferenceProxy;
			fileType = archive.ar;
			path = libLLVMARMInfo.a;
			remoteRef = 366A97FA15A4F86000DA523A /* PBXContainerItemProxy */;
			sourceTree = BUILT_PRODUCTS_DIR;
		};
		366A97FD15A4F86000DA523A /* libLLVMARMAsmParser.a */ = {
			isa = PBXReferenceProxy;
			fileType = archive.ar;
			path = libLLVMARMAsmParser.a;
			remoteRef = 366A97FC15A4F86000DA523A /* PBXContainerItemProxy */;
			sourceTree = BUILT_PRODUCTS_DIR;
		};
		366A97FF15A4F86000DA523A /* libLLVMARMDisassembler.a */ = {
			isa = PBXReferenceProxy;
			fileType = archive.ar;
			path = libLLVMARMDisassembler.a;
			remoteRef = 366A97FE15A4F86000DA523A /* PBXContainerItemProxy */;
			sourceTree = BUILT_PRODUCTS_DIR;
		};
		366A980115A4F86000DA523A /* libLLVMARMAsmPrinter.a */ = {
			isa = PBXReferenceProxy;
			fileType = archive.ar;
			path = libLLVMARMAsmPrinter.a;
			remoteRef = 366A980015A4F86000DA523A /* PBXContainerItemProxy */;
			sourceTree = BUILT_PRODUCTS_DIR;
		};
		366A980315A4F86000DA523A /* libLLVMARMDesc.a */ = {
			isa = PBXReferenceProxy;
			fileType = archive.ar;
			path = libLLVMARMDesc.a;
			remoteRef = 366A980215A4F86000DA523A /* PBXContainerItemProxy */;
			sourceTree = BUILT_PRODUCTS_DIR;
		};
		366A980515A4F86000DA523A /* libLLVMCellSPUCodeGen.a */ = {
			isa = PBXReferenceProxy;
			fileType = archive.ar;
			path = libLLVMCellSPUCodeGen.a;
			remoteRef = 366A980415A4F86000DA523A /* PBXContainerItemProxy */;
			sourceTree = BUILT_PRODUCTS_DIR;
		};
		366A980715A4F86000DA523A /* libLLVMCellSPUInfo.a */ = {
			isa = PBXReferenceProxy;
			fileType = archive.ar;
			path = libLLVMCellSPUInfo.a;
			remoteRef = 366A980615A4F86000DA523A /* PBXContainerItemProxy */;
			sourceTree = BUILT_PRODUCTS_DIR;
		};
		366A980915A4F86000DA523A /* libLLVMCellSPUDesc.a */ = {
			isa = PBXReferenceProxy;
			fileType = archive.ar;
			path = libLLVMCellSPUDesc.a;
			remoteRef = 366A980815A4F86000DA523A /* PBXContainerItemProxy */;
			sourceTree = BUILT_PRODUCTS_DIR;
		};
		366A980B15A4F86000DA523A /* libLLVMCppBackendCodeGen.a */ = {
			isa = PBXReferenceProxy;
			fileType = archive.ar;
			path = libLLVMCppBackendCodeGen.a;
			remoteRef = 366A980A15A4F86000DA523A /* PBXContainerItemProxy */;
			sourceTree = BUILT_PRODUCTS_DIR;
		};
		366A980D15A4F86000DA523A /* libLLVMCppBackendInfo.a */ = {
			isa = PBXReferenceProxy;
			fileType = archive.ar;
			path = libLLVMCppBackendInfo.a;
			remoteRef = 366A980C15A4F86000DA523A /* PBXContainerItemProxy */;
			sourceTree = BUILT_PRODUCTS_DIR;
		};
		366A980F15A4F86000DA523A /* libLLVMHexagonCodeGen.a */ = {
			isa = PBXReferenceProxy;
			fileType = archive.ar;
			path = libLLVMHexagonCodeGen.a;
			remoteRef = 366A980E15A4F86000DA523A /* PBXContainerItemProxy */;
			sourceTree = BUILT_PRODUCTS_DIR;
		};
		366A981115A4F86000DA523A /* libLLVMHexagonInfo.a */ = {
			isa = PBXReferenceProxy;
			fileType = archive.ar;
			path = libLLVMHexagonInfo.a;
			remoteRef = 366A981015A4F86000DA523A /* PBXContainerItemProxy */;
			sourceTree = BUILT_PRODUCTS_DIR;
		};
		366A981315A4F86000DA523A /* libLLVMHexagonAsmPrinter.a */ = {
			isa = PBXReferenceProxy;
			fileType = archive.ar;
			path = libLLVMHexagonAsmPrinter.a;
			remoteRef = 366A981215A4F86000DA523A /* PBXContainerItemProxy */;
			sourceTree = BUILT_PRODUCTS_DIR;
		};
		366A981515A4F86000DA523A /* libLLVMHexagonDesc.a */ = {
			isa = PBXReferenceProxy;
			fileType = archive.ar;
			path = libLLVMHexagonDesc.a;
			remoteRef = 366A981415A4F86000DA523A /* PBXContainerItemProxy */;
			sourceTree = BUILT_PRODUCTS_DIR;
		};
		366A981715A4F86000DA523A /* libLLVMMipsCodeGen.a */ = {
			isa = PBXReferenceProxy;
			fileType = archive.ar;
			path = libLLVMMipsCodeGen.a;
			remoteRef = 366A981615A4F86000DA523A /* PBXContainerItemProxy */;
			sourceTree = BUILT_PRODUCTS_DIR;
		};
		366A981915A4F86000DA523A /* libLLVMMipsAsmPrinter.a */ = {
			isa = PBXReferenceProxy;
			fileType = archive.ar;
			path = libLLVMMipsAsmPrinter.a;
			remoteRef = 366A981815A4F86000DA523A /* PBXContainerItemProxy */;
			sourceTree = BUILT_PRODUCTS_DIR;
		};
		366A981B15A4F86000DA523A /* libLLVMMipsDisassembler.a */ = {
			isa = PBXReferenceProxy;
			fileType = archive.ar;
			path = libLLVMMipsDisassembler.a;
			remoteRef = 366A981A15A4F86000DA523A /* PBXContainerItemProxy */;
			sourceTree = BUILT_PRODUCTS_DIR;
		};
		366A981D15A4F86000DA523A /* libLLVMMipsInfo.a */ = {
			isa = PBXReferenceProxy;
			fileType = archive.ar;
			path = libLLVMMipsInfo.a;
			remoteRef = 366A981C15A4F86000DA523A /* PBXContainerItemProxy */;
			sourceTree = BUILT_PRODUCTS_DIR;
		};
		366A981F15A4F86000DA523A /* libLLVMMipsDesc.a */ = {
			isa = PBXReferenceProxy;
			fileType = archive.ar;
			path = libLLVMMipsDesc.a;
			remoteRef = 366A981E15A4F86000DA523A /* PBXContainerItemProxy */;
			sourceTree = BUILT_PRODUCTS_DIR;
		};
		366A982115A4F86000DA523A /* libLLVMMipsAsmParser.a */ = {
			isa = PBXReferenceProxy;
			fileType = archive.ar;
			path = libLLVMMipsAsmParser.a;
			remoteRef = 366A982015A4F86000DA523A /* PBXContainerItemProxy */;
			sourceTree = BUILT_PRODUCTS_DIR;
		};
		366A982315A4F86000DA523A /* libLLVMMBlazeCodeGen.a */ = {
			isa = PBXReferenceProxy;
			fileType = archive.ar;
			path = libLLVMMBlazeCodeGen.a;
			remoteRef = 366A982215A4F86000DA523A /* PBXContainerItemProxy */;
			sourceTree = BUILT_PRODUCTS_DIR;
		};
		366A982515A4F86000DA523A /* libLLVMMBlazeAsmParser.a */ = {
			isa = PBXReferenceProxy;
			fileType = archive.ar;
			path = libLLVMMBlazeAsmParser.a;
			remoteRef = 366A982415A4F86000DA523A /* PBXContainerItemProxy */;
			sourceTree = BUILT_PRODUCTS_DIR;
		};
		366A982715A4F86000DA523A /* libLLVMMBlazeDisassembler.a */ = {
			isa = PBXReferenceProxy;
			fileType = archive.ar;
			path = libLLVMMBlazeDisassembler.a;
			remoteRef = 366A982615A4F86000DA523A /* PBXContainerItemProxy */;
			sourceTree = BUILT_PRODUCTS_DIR;
		};
		366A982915A4F86000DA523A /* libLLVMMBlazeAsmPrinter.a */ = {
			isa = PBXReferenceProxy;
			fileType = archive.ar;
			path = libLLVMMBlazeAsmPrinter.a;
			remoteRef = 366A982815A4F86000DA523A /* PBXContainerItemProxy */;
			sourceTree = BUILT_PRODUCTS_DIR;
		};
		366A982B15A4F86000DA523A /* libLLVMMBlazeInfo.a */ = {
			isa = PBXReferenceProxy;
			fileType = archive.ar;
			path = libLLVMMBlazeInfo.a;
			remoteRef = 366A982A15A4F86000DA523A /* PBXContainerItemProxy */;
			sourceTree = BUILT_PRODUCTS_DIR;
		};
		366A982D15A4F86000DA523A /* libLLVMMBlazeDesc.a */ = {
			isa = PBXReferenceProxy;
			fileType = archive.ar;
			path = libLLVMMBlazeDesc.a;
			remoteRef = 366A982C15A4F86000DA523A /* PBXContainerItemProxy */;
			sourceTree = BUILT_PRODUCTS_DIR;
		};
		366A982F15A4F86000DA523A /* libLLVMMSP430CodeGen.a */ = {
			isa = PBXReferenceProxy;
			fileType = archive.ar;
			path = libLLVMMSP430CodeGen.a;
			remoteRef = 366A982E15A4F86000DA523A /* PBXContainerItemProxy */;
			sourceTree = BUILT_PRODUCTS_DIR;
		};
		366A983115A4F86000DA523A /* libLLVMMSP430AsmPrinter.a */ = {
			isa = PBXReferenceProxy;
			fileType = archive.ar;
			path = libLLVMMSP430AsmPrinter.a;
			remoteRef = 366A983015A4F86000DA523A /* PBXContainerItemProxy */;
			sourceTree = BUILT_PRODUCTS_DIR;
		};
		366A983315A4F86000DA523A /* libLLVMMSP430Info.a */ = {
			isa = PBXReferenceProxy;
			fileType = archive.ar;
			path = libLLVMMSP430Info.a;
			remoteRef = 366A983215A4F86000DA523A /* PBXContainerItemProxy */;
			sourceTree = BUILT_PRODUCTS_DIR;
		};
		366A983515A4F86000DA523A /* libLLVMMSP430Desc.a */ = {
			isa = PBXReferenceProxy;
			fileType = archive.ar;
			path = libLLVMMSP430Desc.a;
			remoteRef = 366A983415A4F86000DA523A /* PBXContainerItemProxy */;
			sourceTree = BUILT_PRODUCTS_DIR;
		};
		366A983715A4F86000DA523A /* libLLVMPowerPCCodeGen.a */ = {
			isa = PBXReferenceProxy;
			fileType = archive.ar;
			path = libLLVMPowerPCCodeGen.a;
			remoteRef = 366A983615A4F86000DA523A /* PBXContainerItemProxy */;
			sourceTree = BUILT_PRODUCTS_DIR;
		};
		366A983915A4F86000DA523A /* libLLVMPowerPCAsmPrinter.a */ = {
			isa = PBXReferenceProxy;
			fileType = archive.ar;
			path = libLLVMPowerPCAsmPrinter.a;
			remoteRef = 366A983815A4F86000DA523A /* PBXContainerItemProxy */;
			sourceTree = BUILT_PRODUCTS_DIR;
		};
		366A983B15A4F86000DA523A /* libLLVMPowerPCInfo.a */ = {
			isa = PBXReferenceProxy;
			fileType = archive.ar;
			path = libLLVMPowerPCInfo.a;
			remoteRef = 366A983A15A4F86000DA523A /* PBXContainerItemProxy */;
			sourceTree = BUILT_PRODUCTS_DIR;
		};
		366A983D15A4F86000DA523A /* libLLVMPowerPCDesc.a */ = {
			isa = PBXReferenceProxy;
			fileType = archive.ar;
			path = libLLVMPowerPCDesc.a;
			remoteRef = 366A983C15A4F86000DA523A /* PBXContainerItemProxy */;
			sourceTree = BUILT_PRODUCTS_DIR;
		};
		366A983F15A4F86000DA523A /* libLLVMPTXCodeGen.a */ = {
			isa = PBXReferenceProxy;
			fileType = archive.ar;
			path = libLLVMPTXCodeGen.a;
			remoteRef = 366A983E15A4F86000DA523A /* PBXContainerItemProxy */;
			sourceTree = BUILT_PRODUCTS_DIR;
		};
		366A984115A4F86000DA523A /* libLLVMPTXInfo.a */ = {
			isa = PBXReferenceProxy;
			fileType = archive.ar;
			path = libLLVMPTXInfo.a;
			remoteRef = 366A984015A4F86000DA523A /* PBXContainerItemProxy */;
			sourceTree = BUILT_PRODUCTS_DIR;
		};
		366A984315A4F86000DA523A /* libLLVMPTXAsmPrinter.a */ = {
			isa = PBXReferenceProxy;
			fileType = archive.ar;
			path = libLLVMPTXAsmPrinter.a;
			remoteRef = 366A984215A4F86000DA523A /* PBXContainerItemProxy */;
			sourceTree = BUILT_PRODUCTS_DIR;
		};
		366A984515A4F86000DA523A /* libLLVMPTXDesc.a */ = {
			isa = PBXReferenceProxy;
			fileType = archive.ar;
			path = libLLVMPTXDesc.a;
			remoteRef = 366A984415A4F86000DA523A /* PBXContainerItemProxy */;
			sourceTree = BUILT_PRODUCTS_DIR;
		};
		366A984715A4F86000DA523A /* libLLVMSparcCodeGen.a */ = {
			isa = PBXReferenceProxy;
			fileType = archive.ar;
			path = libLLVMSparcCodeGen.a;
			remoteRef = 366A984615A4F86000DA523A /* PBXContainerItemProxy */;
			sourceTree = BUILT_PRODUCTS_DIR;
		};
		366A984915A4F86000DA523A /* libLLVMSparcInfo.a */ = {
			isa = PBXReferenceProxy;
			fileType = archive.ar;
			path = libLLVMSparcInfo.a;
			remoteRef = 366A984815A4F86000DA523A /* PBXContainerItemProxy */;
			sourceTree = BUILT_PRODUCTS_DIR;
		};
		366A984B15A4F86000DA523A /* libLLVMSparcDesc.a */ = {
			isa = PBXReferenceProxy;
			fileType = archive.ar;
			path = libLLVMSparcDesc.a;
			remoteRef = 366A984A15A4F86000DA523A /* PBXContainerItemProxy */;
			sourceTree = BUILT_PRODUCTS_DIR;
		};
		366A984D15A4F86000DA523A /* libLLVMX86CodeGen.a */ = {
			isa = PBXReferenceProxy;
			fileType = archive.ar;
			path = libLLVMX86CodeGen.a;
			remoteRef = 366A984C15A4F86000DA523A /* PBXContainerItemProxy */;
			sourceTree = BUILT_PRODUCTS_DIR;
		};
		366A984F15A4F86000DA523A /* libLLVMX86AsmParser.a */ = {
			isa = PBXReferenceProxy;
			fileType = archive.ar;
			path = libLLVMX86AsmParser.a;
			remoteRef = 366A984E15A4F86000DA523A /* PBXContainerItemProxy */;
			sourceTree = BUILT_PRODUCTS_DIR;
		};
		366A985115A4F86000DA523A /* libLLVMX86Disassembler.a */ = {
			isa = PBXReferenceProxy;
			fileType = archive.ar;
			path = libLLVMX86Disassembler.a;
			remoteRef = 366A985015A4F86000DA523A /* PBXContainerItemProxy */;
			sourceTree = BUILT_PRODUCTS_DIR;
		};
		366A985315A4F86000DA523A /* libLLVMX86AsmPrinter.a */ = {
			isa = PBXReferenceProxy;
			fileType = archive.ar;
			path = libLLVMX86AsmPrinter.a;
			remoteRef = 366A985215A4F86000DA523A /* PBXContainerItemProxy */;
			sourceTree = BUILT_PRODUCTS_DIR;
		};
		366A985515A4F86000DA523A /* libLLVMX86Desc.a */ = {
			isa = PBXReferenceProxy;
			fileType = archive.ar;
			path = libLLVMX86Desc.a;
			remoteRef = 366A985415A4F86000DA523A /* PBXContainerItemProxy */;
			sourceTree = BUILT_PRODUCTS_DIR;
		};
		366A985715A4F86000DA523A /* libLLVMX86Info.a */ = {
			isa = PBXReferenceProxy;
			fileType = archive.ar;
			path = libLLVMX86Info.a;
			remoteRef = 366A985615A4F86000DA523A /* PBXContainerItemProxy */;
			sourceTree = BUILT_PRODUCTS_DIR;
		};
		366A985915A4F86000DA523A /* libLLVMX86Utils.a */ = {
			isa = PBXReferenceProxy;
			fileType = archive.ar;
			path = libLLVMX86Utils.a;
			remoteRef = 366A985815A4F86000DA523A /* PBXContainerItemProxy */;
			sourceTree = BUILT_PRODUCTS_DIR;
		};
		366A985B15A4F86000DA523A /* libLLVMXCoreCodeGen.a */ = {
			isa = PBXReferenceProxy;
			fileType = archive.ar;
			path = libLLVMXCoreCodeGen.a;
			remoteRef = 366A985A15A4F86000DA523A /* PBXContainerItemProxy */;
			sourceTree = BUILT_PRODUCTS_DIR;
		};
		366A985D15A4F86000DA523A /* libLLVMXCoreInfo.a */ = {
			isa = PBXReferenceProxy;
			fileType = archive.ar;
			path = libLLVMXCoreInfo.a;
			remoteRef = 366A985C15A4F86000DA523A /* PBXContainerItemProxy */;
			sourceTree = BUILT_PRODUCTS_DIR;
		};
		366A985F15A4F86000DA523A /* libLLVMXCoreDesc.a */ = {
			isa = PBXReferenceProxy;
			fileType = archive.ar;
			path = libLLVMXCoreDesc.a;
			remoteRef = 366A985E15A4F86000DA523A /* PBXContainerItemProxy */;
			sourceTree = BUILT_PRODUCTS_DIR;
		};
		366A986115A4F86000DA523A /* libLLVMAsmParser.a */ = {
			isa = PBXReferenceProxy;
			fileType = archive.ar;
			path = libLLVMAsmParser.a;
			remoteRef = 366A986015A4F86000DA523A /* PBXContainerItemProxy */;
			sourceTree = BUILT_PRODUCTS_DIR;
		};
		366A986315A4F86000DA523A /* libLLVMArchive.a */ = {
			isa = PBXReferenceProxy;
			fileType = archive.ar;
			path = libLLVMArchive.a;
			remoteRef = 366A986215A4F86000DA523A /* PBXContainerItemProxy */;
			sourceTree = BUILT_PRODUCTS_DIR;
		};
		366A986515A4F86000DA523A /* FileCheck */ = {
			isa = PBXReferenceProxy;
			fileType = "compiled.mach-o.executable";
			path = FileCheck;
			remoteRef = 366A986415A4F86000DA523A /* PBXContainerItemProxy */;
			sourceTree = BUILT_PRODUCTS_DIR;
		};
		366A986715A4F86000DA523A /* FileUpdate */ = {
			isa = PBXReferenceProxy;
			fileType = "compiled.mach-o.executable";
			path = FileUpdate;
			remoteRef = 366A986615A4F86000DA523A /* PBXContainerItemProxy */;
			sourceTree = BUILT_PRODUCTS_DIR;
		};
		366A986915A4F86000DA523A /* count */ = {
			isa = PBXReferenceProxy;
			fileType = "compiled.mach-o.executable";
			path = count;
			remoteRef = 366A986815A4F86000DA523A /* PBXContainerItemProxy */;
			sourceTree = BUILT_PRODUCTS_DIR;
		};
		366A986B15A4F86000DA523A /* not */ = {
			isa = PBXReferenceProxy;
			fileType = "compiled.mach-o.executable";
			path = not;
			remoteRef = 366A986A15A4F86000DA523A /* PBXContainerItemProxy */;
			sourceTree = BUILT_PRODUCTS_DIR;
		};
		366A986D15A4F86000DA523A /* yaml-bench */ = {
			isa = PBXReferenceProxy;
			fileType = "compiled.mach-o.executable";
			path = "yaml-bench";
			remoteRef = 366A986C15A4F86000DA523A /* PBXContainerItemProxy */;
			sourceTree = BUILT_PRODUCTS_DIR;
		};
		366A986F15A4F86000DA523A /* llvm-config */ = {
			isa = PBXReferenceProxy;
			fileType = "compiled.mach-o.executable";
			path = "llvm-config";
			remoteRef = 366A986E15A4F86000DA523A /* PBXContainerItemProxy */;
			sourceTree = BUILT_PRODUCTS_DIR;
		};
		366A987115A4F86000DA523A /* opt */ = {
			isa = PBXReferenceProxy;
			fileType = "compiled.mach-o.executable";
			path = opt;
			remoteRef = 366A987015A4F86000DA523A /* PBXContainerItemProxy */;
			sourceTree = BUILT_PRODUCTS_DIR;
		};
		366A987315A4F86000DA523A /* llvm-as */ = {
			isa = PBXReferenceProxy;
			fileType = "compiled.mach-o.executable";
			path = "llvm-as";
			remoteRef = 366A987215A4F86000DA523A /* PBXContainerItemProxy */;
			sourceTree = BUILT_PRODUCTS_DIR;
		};
		366A987515A4F86000DA523A /* llvm-dis */ = {
			isa = PBXReferenceProxy;
			fileType = "compiled.mach-o.executable";
			path = "llvm-dis";
			remoteRef = 366A987415A4F86000DA523A /* PBXContainerItemProxy */;
			sourceTree = BUILT_PRODUCTS_DIR;
		};
		366A987715A4F86000DA523A /* llvm-mc */ = {
			isa = PBXReferenceProxy;
			fileType = "compiled.mach-o.executable";
			path = "llvm-mc";
			remoteRef = 366A987615A4F86000DA523A /* PBXContainerItemProxy */;
			sourceTree = BUILT_PRODUCTS_DIR;
		};
		366A987915A4F86000DA523A /* llc */ = {
			isa = PBXReferenceProxy;
			fileType = "compiled.mach-o.executable";
			path = llc;
			remoteRef = 366A987815A4F86000DA523A /* PBXContainerItemProxy */;
			sourceTree = BUILT_PRODUCTS_DIR;
		};
		366A987B15A4F86000DA523A /* llvm-ranlib */ = {
			isa = PBXReferenceProxy;
			fileType = "compiled.mach-o.executable";
			path = "llvm-ranlib";
			remoteRef = 366A987A15A4F86000DA523A /* PBXContainerItemProxy */;
			sourceTree = BUILT_PRODUCTS_DIR;
		};
		366A987D15A4F86000DA523A /* llvm-ar */ = {
			isa = PBXReferenceProxy;
			fileType = "compiled.mach-o.executable";
			path = "llvm-ar";
			remoteRef = 366A987C15A4F86000DA523A /* PBXContainerItemProxy */;
			sourceTree = BUILT_PRODUCTS_DIR;
		};
		366A987F15A4F86000DA523A /* llvm-nm */ = {
			isa = PBXReferenceProxy;
			fileType = "compiled.mach-o.executable";
			path = "llvm-nm";
			remoteRef = 366A987E15A4F86000DA523A /* PBXContainerItemProxy */;
			sourceTree = BUILT_PRODUCTS_DIR;
		};
		366A988115A4F86000DA523A /* llvm-size */ = {
			isa = PBXReferenceProxy;
			fileType = "compiled.mach-o.executable";
			path = "llvm-size";
			remoteRef = 366A988015A4F86000DA523A /* PBXContainerItemProxy */;
			sourceTree = BUILT_PRODUCTS_DIR;
		};
		366A988315A4F86000DA523A /* llvm-ld */ = {
			isa = PBXReferenceProxy;
			fileType = "compiled.mach-o.executable";
			path = "llvm-ld";
			remoteRef = 366A988215A4F86000DA523A /* PBXContainerItemProxy */;
			sourceTree = BUILT_PRODUCTS_DIR;
		};
		366A988515A4F86000DA523A /* llvm-cov */ = {
			isa = PBXReferenceProxy;
			fileType = "compiled.mach-o.executable";
			path = "llvm-cov";
			remoteRef = 366A988415A4F86000DA523A /* PBXContainerItemProxy */;
			sourceTree = BUILT_PRODUCTS_DIR;
		};
		366A988715A4F86000DA523A /* llvm-prof */ = {
			isa = PBXReferenceProxy;
			fileType = "compiled.mach-o.executable";
			path = "llvm-prof";
			remoteRef = 366A988615A4F86000DA523A /* PBXContainerItemProxy */;
			sourceTree = BUILT_PRODUCTS_DIR;
		};
		366A988915A4F86000DA523A /* llvm-link */ = {
			isa = PBXReferenceProxy;
			fileType = "compiled.mach-o.executable";
			path = "llvm-link";
			remoteRef = 366A988815A4F86000DA523A /* PBXContainerItemProxy */;
			sourceTree = BUILT_PRODUCTS_DIR;
		};
		366A988B15A4F86000DA523A /* lli */ = {
			isa = PBXReferenceProxy;
			fileType = "compiled.mach-o.executable";
			path = lli;
			remoteRef = 366A988A15A4F86000DA523A /* PBXContainerItemProxy */;
			sourceTree = BUILT_PRODUCTS_DIR;
		};
		366A988D15A4F86000DA523A /* llvm-extract */ = {
			isa = PBXReferenceProxy;
			fileType = "compiled.mach-o.executable";
			path = "llvm-extract";
			remoteRef = 366A988C15A4F86000DA523A /* PBXContainerItemProxy */;
			sourceTree = BUILT_PRODUCTS_DIR;
		};
		366A988F15A4F86000DA523A /* llvm-diff */ = {
			isa = PBXReferenceProxy;
			fileType = "compiled.mach-o.executable";
			path = "llvm-diff";
			remoteRef = 366A988E15A4F86000DA523A /* PBXContainerItemProxy */;
			sourceTree = BUILT_PRODUCTS_DIR;
		};
		366A989115A4F86000DA523A /* macho-dump */ = {
			isa = PBXReferenceProxy;
			fileType = "compiled.mach-o.executable";
			path = "macho-dump";
			remoteRef = 366A989015A4F86000DA523A /* PBXContainerItemProxy */;
			sourceTree = BUILT_PRODUCTS_DIR;
		};
		366A989315A4F86000DA523A /* llvm-objdump */ = {
			isa = PBXReferenceProxy;
			fileType = "compiled.mach-o.executable";
			path = "llvm-objdump";
			remoteRef = 366A989215A4F86000DA523A /* PBXContainerItemProxy */;
			sourceTree = BUILT_PRODUCTS_DIR;
		};
		366A989515A4F86000DA523A /* llvm-readobj */ = {
			isa = PBXReferenceProxy;
			fileType = "compiled.mach-o.executable";
			path = "llvm-readobj";
			remoteRef = 366A989415A4F86000DA523A /* PBXContainerItemProxy */;
			sourceTree = BUILT_PRODUCTS_DIR;
		};
		366A989715A4F86000DA523A /* llvm-rtdyld */ = {
			isa = PBXReferenceProxy;
			fileType = "compiled.mach-o.executable";
			path = "llvm-rtdyld";
			remoteRef = 366A989615A4F86000DA523A /* PBXContainerItemProxy */;
			sourceTree = BUILT_PRODUCTS_DIR;
		};
		366A989915A4F86000DA523A /* llvm-dwarfdump */ = {
			isa = PBXReferenceProxy;
			fileType = "compiled.mach-o.executable";
			path = "llvm-dwarfdump";
			remoteRef = 366A989815A4F86000DA523A /* PBXContainerItemProxy */;
			sourceTree = BUILT_PRODUCTS_DIR;
		};
		366A989B15A4F86000DA523A /* bugpoint */ = {
			isa = PBXReferenceProxy;
			fileType = "compiled.mach-o.executable";
			path = bugpoint;
			remoteRef = 366A989A15A4F86000DA523A /* PBXContainerItemProxy */;
			sourceTree = BUILT_PRODUCTS_DIR;
		};
		366A989D15A4F86000DA523A /* BugpointPasses.dylib */ = {
			isa = PBXReferenceProxy;
			fileType = "compiled.mach-o.dylib";
			path = BugpointPasses.dylib;
			remoteRef = 366A989C15A4F86000DA523A /* PBXContainerItemProxy */;
			sourceTree = BUILT_PRODUCTS_DIR;
		};
		366A989F15A4F86000DA523A /* llvm-bcanalyzer */ = {
			isa = PBXReferenceProxy;
			fileType = "compiled.mach-o.executable";
			path = "llvm-bcanalyzer";
			remoteRef = 366A989E15A4F86000DA523A /* PBXContainerItemProxy */;
			sourceTree = BUILT_PRODUCTS_DIR;
		};
		366A98A115A4F86000DA523A /* llvm-stub */ = {
			isa = PBXReferenceProxy;
			fileType = "compiled.mach-o.executable";
			path = "llvm-stub";
			remoteRef = 366A98A015A4F86000DA523A /* PBXContainerItemProxy */;
			sourceTree = BUILT_PRODUCTS_DIR;
		};
		366A98A315A4F86000DA523A /* llvm-stress */ = {
			isa = PBXReferenceProxy;
			fileType = "compiled.mach-o.executable";
			path = "llvm-stress";
			remoteRef = 366A98A215A4F86000DA523A /* PBXContainerItemProxy */;
			sourceTree = BUILT_PRODUCTS_DIR;
		};
		366A98A515A4F86000DA523A /* libLTO.dylib */ = {
			isa = PBXReferenceProxy;
			fileType = "compiled.mach-o.dylib";
			path = libLTO.dylib;
			remoteRef = 366A98A415A4F86000DA523A /* PBXContainerItemProxy */;
			sourceTree = BUILT_PRODUCTS_DIR;
		};
		366A98A715A4F86000DA523A /* libLTO.a */ = {
			isa = PBXReferenceProxy;
			fileType = archive.ar;
			path = libLTO.a;
			remoteRef = 366A98A615A4F86000DA523A /* PBXContainerItemProxy */;
			sourceTree = BUILT_PRODUCTS_DIR;
		};
		366A98A915A4F86000DA523A /* profile_rt.dylib */ = {
			isa = PBXReferenceProxy;
			fileType = "compiled.mach-o.dylib";
			path = profile_rt.dylib;
			remoteRef = 366A98A815A4F86000DA523A /* PBXContainerItemProxy */;
			sourceTree = BUILT_PRODUCTS_DIR;
		};
		366A98AB15A4F86000DA523A /* libprofile_rt.a */ = {
			isa = PBXReferenceProxy;
			fileType = archive.ar;
			path = libprofile_rt.a;
			remoteRef = 366A98AA15A4F86000DA523A /* PBXContainerItemProxy */;
			sourceTree = BUILT_PRODUCTS_DIR;
		};
		366A98AD15A4F86000DA523A /* BrainF */ = {
			isa = PBXReferenceProxy;
			fileType = "compiled.mach-o.executable";
			path = BrainF;
			remoteRef = 366A98AC15A4F86000DA523A /* PBXContainerItemProxy */;
			sourceTree = BUILT_PRODUCTS_DIR;
		};
		366A98AF15A4F86000DA523A /* Fibonacci */ = {
			isa = PBXReferenceProxy;
			fileType = "compiled.mach-o.executable";
			path = Fibonacci;
			remoteRef = 366A98AE15A4F86000DA523A /* PBXContainerItemProxy */;
			sourceTree = BUILT_PRODUCTS_DIR;
		};
		366A98B115A4F86000DA523A /* HowToUseJIT */ = {
			isa = PBXReferenceProxy;
			fileType = "compiled.mach-o.executable";
			path = HowToUseJIT;
			remoteRef = 366A98B015A4F86000DA523A /* PBXContainerItemProxy */;
			sourceTree = BUILT_PRODUCTS_DIR;
		};
		366A98B315A4F86000DA523A /* Kaleidoscope-Ch2 */ = {
			isa = PBXReferenceProxy;
			fileType = "compiled.mach-o.executable";
			path = "Kaleidoscope-Ch2";
			remoteRef = 366A98B215A4F86000DA523A /* PBXContainerItemProxy */;
			sourceTree = BUILT_PRODUCTS_DIR;
		};
		366A98B515A4F86000DA523A /* Kaleidoscope-Ch3 */ = {
			isa = PBXReferenceProxy;
			fileType = "compiled.mach-o.executable";
			path = "Kaleidoscope-Ch3";
			remoteRef = 366A98B415A4F86000DA523A /* PBXContainerItemProxy */;
			sourceTree = BUILT_PRODUCTS_DIR;
		};
		366A98B715A4F86000DA523A /* Kaleidoscope-Ch4 */ = {
			isa = PBXReferenceProxy;
			fileType = "compiled.mach-o.executable";
			path = "Kaleidoscope-Ch4";
			remoteRef = 366A98B615A4F86000DA523A /* PBXContainerItemProxy */;
			sourceTree = BUILT_PRODUCTS_DIR;
		};
		366A98B915A4F86000DA523A /* Kaleidoscope-Ch5 */ = {
			isa = PBXReferenceProxy;
			fileType = "compiled.mach-o.executable";
			path = "Kaleidoscope-Ch5";
			remoteRef = 366A98B815A4F86000DA523A /* PBXContainerItemProxy */;
			sourceTree = BUILT_PRODUCTS_DIR;
		};
		366A98BB15A4F86000DA523A /* Kaleidoscope-Ch6 */ = {
			isa = PBXReferenceProxy;
			fileType = "compiled.mach-o.executable";
			path = "Kaleidoscope-Ch6";
			remoteRef = 366A98BA15A4F86000DA523A /* PBXContainerItemProxy */;
			sourceTree = BUILT_PRODUCTS_DIR;
		};
		366A98BD15A4F86000DA523A /* Kaleidoscope-Ch7 */ = {
			isa = PBXReferenceProxy;
			fileType = "compiled.mach-o.executable";
			path = "Kaleidoscope-Ch7";
			remoteRef = 366A98BC15A4F86000DA523A /* PBXContainerItemProxy */;
			sourceTree = BUILT_PRODUCTS_DIR;
		};
		366A98BF15A4F86000DA523A /* ModuleMaker */ = {
			isa = PBXReferenceProxy;
			fileType = "compiled.mach-o.executable";
			path = ModuleMaker;
			remoteRef = 366A98BE15A4F86000DA523A /* PBXContainerItemProxy */;
			sourceTree = BUILT_PRODUCTS_DIR;
		};
		366A98C115A4F86000DA523A /* ExceptionDemo */ = {
			isa = PBXReferenceProxy;
			fileType = "compiled.mach-o.executable";
			path = ExceptionDemo;
			remoteRef = 366A98C015A4F86000DA523A /* PBXContainerItemProxy */;
			sourceTree = BUILT_PRODUCTS_DIR;
		};
		366A98C315A4F86000DA523A /* ParallelJIT */ = {
			isa = PBXReferenceProxy;
			fileType = "compiled.mach-o.executable";
			path = ParallelJIT;
			remoteRef = 366A98C215A4F86000DA523A /* PBXContainerItemProxy */;
			sourceTree = BUILT_PRODUCTS_DIR;
		};
		366A98C515A4F86000DA523A /* libgtest.a */ = {
			isa = PBXReferenceProxy;
			fileType = archive.ar;
			path = libgtest.a;
			remoteRef = 366A98C415A4F86000DA523A /* PBXContainerItemProxy */;
			sourceTree = BUILT_PRODUCTS_DIR;
		};
		366A98C715A4F86000DA523A /* libgtest_main.a */ = {
			isa = PBXReferenceProxy;
			fileType = archive.ar;
			path = libgtest_main.a;
			remoteRef = 366A98C615A4F86000DA523A /* PBXContainerItemProxy */;
			sourceTree = BUILT_PRODUCTS_DIR;
		};
		366A98C915A4F86000DA523A /* ADTTests */ = {
			isa = PBXReferenceProxy;
			fileType = "compiled.mach-o.executable";
			path = ADTTests;
			remoteRef = 366A98C815A4F86000DA523A /* PBXContainerItemProxy */;
			sourceTree = BUILT_PRODUCTS_DIR;
		};
		366A98CB15A4F86000DA523A /* AnalysisTests */ = {
			isa = PBXReferenceProxy;
			fileType = "compiled.mach-o.executable";
			path = AnalysisTests;
			remoteRef = 366A98CA15A4F86000DA523A /* PBXContainerItemProxy */;
			sourceTree = BUILT_PRODUCTS_DIR;
		};
		366A98CD15A4F86000DA523A /* BitcodeTests */ = {
			isa = PBXReferenceProxy;
			fileType = "compiled.mach-o.executable";
			path = BitcodeTests;
			remoteRef = 366A98CC15A4F86000DA523A /* PBXContainerItemProxy */;
			sourceTree = BUILT_PRODUCTS_DIR;
		};
		366A98CF15A4F86000DA523A /* ExecutionEngineTests */ = {
			isa = PBXReferenceProxy;
			fileType = "compiled.mach-o.executable";
			path = ExecutionEngineTests;
			remoteRef = 366A98CE15A4F86000DA523A /* PBXContainerItemProxy */;
			sourceTree = BUILT_PRODUCTS_DIR;
		};
		366A98D115A4F86000DA523A /* JITTests */ = {
			isa = PBXReferenceProxy;
			fileType = "compiled.mach-o.executable";
			path = JITTests;
			remoteRef = 366A98D015A4F86000DA523A /* PBXContainerItemProxy */;
			sourceTree = BUILT_PRODUCTS_DIR;
		};
		366A98D315A4F86000DA523A /* SupportTests */ = {
			isa = PBXReferenceProxy;
			fileType = "compiled.mach-o.executable";
			path = SupportTests;
			remoteRef = 366A98D215A4F86000DA523A /* PBXContainerItemProxy */;
			sourceTree = BUILT_PRODUCTS_DIR;
		};
		366A98D515A4F86000DA523A /* UtilsTests */ = {
			isa = PBXReferenceProxy;
			fileType = "compiled.mach-o.executable";
			path = UtilsTests;
			remoteRef = 366A98D415A4F86000DA523A /* PBXContainerItemProxy */;
			sourceTree = BUILT_PRODUCTS_DIR;
		};
		366A98D715A4F86000DA523A /* VMCoreTests */ = {
			isa = PBXReferenceProxy;
			fileType = "compiled.mach-o.executable";
			path = VMCoreTests;
			remoteRef = 366A98D615A4F86000DA523A /* PBXContainerItemProxy */;
			sourceTree = BUILT_PRODUCTS_DIR;
		};
/* End PBXReferenceProxy section */

/* Begin PBXSourcesBuildPhase section */
		366A96C715A4F76C00DA523A /* Sources */ = {
			isa = PBXSourcesBuildPhase;
			buildActionMask = 2147483647;
			files = (
				366A96D515A4F76C00DA523A /* FractalStreamCompiler.cp in Sources */,
			);
			runOnlyForDeploymentPostprocessing = 0;
		};
/* End PBXSourcesBuildPhase section */

/* Begin XCBuildConfiguration section */
		366A96D615A4F76C00DA523A /* Debug */ = {
			isa = XCBuildConfiguration;
			buildSettings = {
				ALWAYS_SEARCH_USER_PATHS = NO;
				ARCHS = "$(ARCHS_STANDARD_64_BIT)";
				COPY_PHASE_STRIP = NO;
				GCC_C_LANGUAGE_STANDARD = gnu99;
				GCC_DYNAMIC_NO_PIC = NO;
				GCC_ENABLE_OBJC_EXCEPTIONS = YES;
				GCC_OPTIMIZATION_LEVEL = 0;
				GCC_PREPROCESSOR_DEFINITIONS = (
					"DEBUG=1",
					"$(inherited)",
				);
				GCC_SYMBOLS_PRIVATE_EXTERN = NO;
				GCC_VERSION = com.apple.compilers.llvm.clang.1_0;
				GCC_WARN_64_TO_32_BIT_CONVERSION = YES;
				GCC_WARN_ABOUT_RETURN_TYPE = YES;
				GCC_WARN_UNINITIALIZED_AUTOS = YES;
				GCC_WARN_UNUSED_VARIABLE = YES;
				MACOSX_DEPLOYMENT_TARGET = 10.7;
				ONLY_ACTIVE_ARCH = YES;
				SDKROOT = macosx;
			};
			name = Debug;
		};
		366A96D715A4F76C00DA523A /* Release */ = {
			isa = XCBuildConfiguration;
			buildSettings = {
				ALWAYS_SEARCH_USER_PATHS = NO;
				ARCHS = "$(ARCHS_STANDARD_64_BIT)";
				COPY_PHASE_STRIP = YES;
				DEBUG_INFORMATION_FORMAT = "dwarf-with-dsym";
				GCC_C_LANGUAGE_STANDARD = gnu99;
				GCC_ENABLE_OBJC_EXCEPTIONS = YES;
				GCC_VERSION = com.apple.compilers.llvm.clang.1_0;
				GCC_WARN_64_TO_32_BIT_CONVERSION = YES;
				GCC_WARN_ABOUT_RETURN_TYPE = YES;
				GCC_WARN_UNINITIALIZED_AUTOS = YES;
				GCC_WARN_UNUSED_VARIABLE = YES;
				MACOSX_DEPLOYMENT_TARGET = 10.7;
				SDKROOT = macosx;
			};
			name = Release;
		};
		366A96D915A4F76C00DA523A /* Debug */ = {
			isa = XCBuildConfiguration;
			buildSettings = {
				MACH_O_TYPE = staticlib;
				PRODUCT_NAME = "$(TARGET_NAME)";
			};
			name = Debug;
		};
		366A96DA15A4F76C00DA523A /* Release */ = {
			isa = XCBuildConfiguration;
			buildSettings = {
				MACH_O_TYPE = staticlib;
				PRODUCT_NAME = "$(TARGET_NAME)";
			};
			name = Release;
		};
/* End XCBuildConfiguration section */

/* Begin XCConfigurationList section */
		366A96C515A4F76C00DA523A /* Build configuration list for PBXProject "FractalStreamCompiler" */ = {
			isa = XCConfigurationList;
			buildConfigurations = (
				366A96D615A4F76C00DA523A /* Debug */,
				366A96D715A4F76C00DA523A /* Release */,
			);
			defaultConfigurationIsVisible = 0;
			defaultConfigurationName = Release;
		};
		366A96D815A4F76C00DA523A /* Build configuration list for PBXNativeTarget "FractalStreamCompiler" */ = {
			isa = XCConfigurationList;
			buildConfigurations = (
				366A96D915A4F76C00DA523A /* Debug */,
				366A96DA15A4F76C00DA523A /* Release */,
			);
			defaultConfigurationIsVisible = 0;
			defaultConfigurationName = Release;
		};
/* End XCConfigurationList section */
	};
	rootObject = 366A96C215A4F76C00DA523A /* Project object */;
}
